// !$*UTF8*$!
{
	archiveVersion = 1;
	classes = {
	};
	objectVersion = 46;
	objects = {

/* Begin PBXBuildFile section */
		853A924E1B3979D900A3B496 /* AppDelegate.swift in Sources */ = {isa = PBXBuildFile; fileRef = 853A924D1B3979D900A3B496 /* AppDelegate.swift */; };
		853A92501B3979D900A3B496 /* ViewController.swift in Sources */ = {isa = PBXBuildFile; fileRef = 853A924F1B3979D900A3B496 /* ViewController.swift */; };
		853A92531B3979D900A3B496 /* Main.storyboard in Resources */ = {isa = PBXBuildFile; fileRef = 853A92511B3979D900A3B496 /* Main.storyboard */; };
		853A92551B3979D900A3B496 /* Images.xcassets in Resources */ = {isa = PBXBuildFile; fileRef = 853A92541B3979D900A3B496 /* Images.xcassets */; };
		853A92581B3979D900A3B496 /* LaunchScreen.xib in Resources */ = {isa = PBXBuildFile; fileRef = 853A92561B3979D900A3B496 /* LaunchScreen.xib */; };
		853A92641B3979D900A3B496 /* SecondAutoLayoutTests.swift in Sources */ = {isa = PBXBuildFile; fileRef = 853A92631B3979D900A3B496 /* SecondAutoLayoutTests.swift */; };
/* End PBXBuildFile section */

/* Begin PBXContainerItemProxy section */
		853A925E1B3979D900A3B496 /* PBXContainerItemProxy */ = {
			isa = PBXContainerItemProxy;
			containerPortal = 853A92401B3979D900A3B496 /* Project object */;
			proxyType = 1;
			remoteGlobalIDString = 853A92471B3979D900A3B496;
			remoteInfo = SecondAutoLayout;
		};
/* End PBXContainerItemProxy section */

/* Begin PBXFileReference section */
		853A92481B3979D900A3B496 /* SecondAutoLayout.app */ = {isa = PBXFileReference; explicitFileType = wrapper.application; includeInIndex = 0; path = SecondAutoLayout.app; sourceTree = BUILT_PRODUCTS_DIR; };
		853A924C1B3979D900A3B496 /* Info.plist */ = {isa = PBXFileReference; lastKnownFileType = text.plist.xml; path = Info.plist; sourceTree = "<group>"; };
		853A924D1B3979D900A3B496 /* AppDelegate.swift */ = {isa = PBXFileReference; lastKnownFileType = sourcecode.swift; path = AppDelegate.swift; sourceTree = "<group>"; };
		853A924F1B3979D900A3B496 /* ViewController.swift */ = {isa = PBXFileReference; lastKnownFileType = sourcecode.swift; path = ViewController.swift; sourceTree = "<group>"; };
		853A92521B3979D900A3B496 /* Base */ = {isa = PBXFileReference; lastKnownFileType = file.storyboard; name = Base; path = Base.lproj/Main.storyboard; sourceTree = "<group>"; };
		853A92541B3979D900A3B496 /* Images.xcassets */ = {isa = PBXFileReference; lastKnownFileType = folder.assetcatalog; path = Images.xcassets; sourceTree = "<group>"; };
		853A92571B3979D900A3B496 /* Base */ = {isa = PBXFileReference; lastKnownFileType = file.xib; name = Base; path = Base.lproj/LaunchScreen.xib; sourceTree = "<group>"; };
		853A925D1B3979D900A3B496 /* SecondAutoLayoutTests.xctest */ = {isa = PBXFileReference; explicitFileType = wrapper.cfbundle; includeInIndex = 0; path = SecondAutoLayoutTests.xctest; sourceTree = BUILT_PRODUCTS_DIR; };
		853A92621B3979D900A3B496 /* Info.plist */ = {isa = PBXFileReference; lastKnownFileType = text.plist.xml; path = Info.plist; sourceTree = "<group>"; };
		853A92631B3979D900A3B496 /* SecondAutoLayoutTests.swift */ = {isa = PBXFileReference; lastKnownFileType = sourcecode.swift; path = SecondAutoLayoutTests.swift; sourceTree = "<group>"; };
/* End PBXFileReference section */

/* Begin PBXFrameworksBuildPhase section */
		853A92451B3979D900A3B496 /* Frameworks */ = {
			isa = PBXFrameworksBuildPhase;
			buildActionMask = 2147483647;
			files = (
			);
			runOnlyForDeploymentPostprocessing = 0;
		};
		853A925A1B3979D900A3B496 /* Frameworks */ = {
			isa = PBXFrameworksBuildPhase;
			buildActionMask = 2147483647;
			files = (
			);
			runOnlyForDeploymentPostprocessing = 0;
		};
/* End PBXFrameworksBuildPhase section */

/* Begin PBXGroup section */
		853A923F1B3979D900A3B496 = {
			isa = PBXGroup;
			children = (
				853A924A1B3979D900A3B496 /* SecondAutoLayout */,
				853A92601B3979D900A3B496 /* SecondAutoLayoutTests */,
				853A92491B3979D900A3B496 /* Products */,
			);
			sourceTree = "<group>";
		};
		853A92491B3979D900A3B496 /* Products */ = {
			isa = PBXGroup;
			children = (
				853A92481B3979D900A3B496 /* SecondAutoLayout.app */,
				853A925D1B3979D900A3B496 /* SecondAutoLayoutTests.xctest */,
			);
			name = Products;
			sourceTree = "<group>";
		};
		853A924A1B3979D900A3B496 /* SecondAutoLayout */ = {
			isa = PBXGroup;
			children = (
				853A924D1B3979D900A3B496 /* AppDelegate.swift */,
				853A924F1B3979D900A3B496 /* ViewController.swift */,
				853A92511B3979D900A3B496 /* Main.storyboard */,
				853A92541B3979D900A3B496 /* Images.xcassets */,
				853A92561B3979D900A3B496 /* LaunchScreen.xib */,
				853A924B1B3979D900A3B496 /* Supporting Files */,
			);
			path = SecondAutoLayout;
			sourceTree = "<group>";
		};
		853A924B1B3979D900A3B496 /* Supporting Files */ = {
			isa = PBXGroup;
			children = (
				853A924C1B3979D900A3B496 /* Info.plist */,
			);
			name = "Supporting Files";
			sourceTree = "<group>";
		};
		853A92601B3979D900A3B496 /* SecondAutoLayoutTests */ = {
			isa = PBXGroup;
			children = (
				853A92631B3979D900A3B496 /* SecondAutoLayoutTests.swift */,
				853A92611B3979D900A3B496 /* Supporting Files */,
			);
			path = SecondAutoLayoutTests;
			sourceTree = "<group>";
		};
		853A92611B3979D900A3B496 /* Supporting Files */ = {
			isa = PBXGroup;
			children = (
				853A92621B3979D900A3B496 /* Info.plist */,
			);
			name = "Supporting Files";
			sourceTree = "<group>";
		};
/* End PBXGroup section */

/* Begin PBXNativeTarget section */
		853A92471B3979D900A3B496 /* SecondAutoLayout */ = {
			isa = PBXNativeTarget;
			buildConfigurationList = 853A92671B3979D900A3B496 /* Build configuration list for PBXNativeTarget "SecondAutoLayout" */;
			buildPhases = (
				853A92441B3979D900A3B496 /* Sources */,
				853A92451B3979D900A3B496 /* Frameworks */,
				853A92461B3979D900A3B496 /* Resources */,
			);
			buildRules = (
			);
			dependencies = (
			);
			name = SecondAutoLayout;
			productName = SecondAutoLayout;
			productReference = 853A92481B3979D900A3B496 /* SecondAutoLayout.app */;
			productType = "com.apple.product-type.application";
		};
		853A925C1B3979D900A3B496 /* SecondAutoLayoutTests */ = {
			isa = PBXNativeTarget;
			buildConfigurationList = 853A926A1B3979D900A3B496 /* Build configuration list for PBXNativeTarget "SecondAutoLayoutTests" */;
			buildPhases = (
				853A92591B3979D900A3B496 /* Sources */,
				853A925A1B3979D900A3B496 /* Frameworks */,
				853A925B1B3979D900A3B496 /* Resources */,
			);
			buildRules = (
			);
			dependencies = (
				853A925F1B3979D900A3B496 /* PBXTargetDependency */,
			);
			name = SecondAutoLayoutTests;
			productName = SecondAutoLayoutTests;
			productReference = 853A925D1B3979D900A3B496 /* SecondAutoLayoutTests.xctest */;
			productType = "com.apple.product-type.bundle.unit-test";
		};
/* End PBXNativeTarget section */

/* Begin PBXProject section */
		853A92401B3979D900A3B496 /* Project object */ = {
			isa = PBXProject;
			attributes = {
				LastUpgradeCheck = 0630;
				ORGANIZATIONNAME = chicovg;
				TargetAttributes = {
					853A92471B3979D900A3B496 = {
						CreatedOnToolsVersion = 6.3.2;
					};
					853A925C1B3979D900A3B496 = {
						CreatedOnToolsVersion = 6.3.2;
						TestTargetID = 853A92471B3979D900A3B496;
					};
				};
			};
			buildConfigurationList = 853A92431B3979D900A3B496 /* Build configuration list for PBXProject "SecondAutoLayout" */;
			compatibilityVersion = "Xcode 3.2";
			developmentRegion = English;
			hasScannedForEncodings = 0;
			knownRegions = (
				en,
				Base,
			);
			mainGroup = 853A923F1B3979D900A3B496;
			productRefGroup = 853A92491B3979D900A3B496 /* Products */;
			projectDirPath = "";
			projectRoot = "";
			targets = (
				853A92471B3979D900A3B496 /* SecondAutoLayout */,
				853A925C1B3979D900A3B496 /* SecondAutoLayoutTests */,
			);
		};
/* End PBXProject section */

/* Begin PBXResourcesBuildPhase section */
		853A92461B3979D900A3B496 /* Resources */ = {
			isa = PBXResourcesBuildPhase;
			buildActionMask = 2147483647;
			files = (
				853A92531B3979D900A3B496 /* Main.storyboard in Resources */,
				853A92581B3979D900A3B496 /* LaunchScreen.xib in Resources */,
				853A92551B3979D900A3B496 /* Images.xcassets in Resources */,
			);
			runOnlyForDeploymentPostprocessing = 0;
		};
		853A925B1B3979D900A3B496 /* Resources */ = {
			isa = PBXResourcesBuildPhase;
			buildActionMask = 2147483647;
			files = (
			);
			runOnlyForDeploymentPostprocessing = 0;
		};
/* End PBXResourcesBuildPhase section */

/* Begin PBXSourcesBuildPhase section */
		853A92441B3979D900A3B496 /* Sources */ = {
			isa = PBXSourcesBuildPhase;
			buildActionMask = 2147483647;
			files = (
				853A92501B3979D900A3B496 /* ViewController.swift in Sources */,
				853A924E1B3979D900A3B496 /* AppDelegate.swift in Sources */,
			);
			runOnlyForDeploymentPostprocessing = 0;
		};
		853A92591B3979D900A3B496 /* Sources */ = {
			isa = PBXSourcesBuildPhase;
			buildActionMask = 2147483647;
			files = (
				853A92641B3979D900A3B496 /* SecondAutoLayoutTests.swift in Sources */,
			);
			runOnlyForDeploymentPostprocessing = 0;
		};
/* End PBXSourcesBuildPhase section */

/* Begin PBXTargetDependency section */
		853A925F1B3979D900A3B496 /* PBXTargetDependency */ = {
			isa = PBXTargetDependency;
			target = 853A92471B3979D900A3B496 /* SecondAutoLayout */;
			targetProxy = 853A925E1B3979D900A3B496 /* PBXContainerItemProxy */;
		};
/* End PBXTargetDependency section */

/* Begin PBXVariantGroup section */
		853A92511B3979D900A3B496 /* Main.storyboard */ = {
			isa = PBXVariantGroup;
			children = (
				853A92521B3979D900A3B496 /* Base */,
			);
			name = Main.storyboard;
			sourceTree = "<group>";
		};
		853A92561B3979D900A3B496 /* LaunchScreen.xib */ = {
			isa = PBXVariantGroup;
			children = (
				853A92571B3979D900A3B496 /* Base */,
			);
			name = LaunchScreen.xib;
			sourceTree = "<group>";
		};
/* End PBXVariantGroup section */

/* Begin XCBuildConfiguration section */
		853A92651B3979D900A3B496 /* Debug */ = {
			isa = XCBuildConfiguration;
			buildSettings = {
				ALWAYS_SEARCH_USER_PATHS = NO;
				CLANG_CXX_LANGUAGE_STANDARD = "gnu++0x";
				CLANG_CXX_LIBRARY = "libc++";
				CLANG_ENABLE_MODULES = YES;
				CLANG_ENABLE_OBJC_ARC = YES;
				CLANG_WARN_BOOL_CONVERSION = YES;
				CLANG_WARN_CONSTANT_CONVERSION = YES;
				CLANG_WARN_DIRECT_OBJC_ISA_USAGE = YES_ERROR;
				CLANG_WARN_EMPTY_BODY = YES;
				CLANG_WARN_ENUM_CONVERSION = YES;
				CLANG_WARN_INT_CONVERSION = YES;
				CLANG_WARN_OBJC_ROOT_CLASS = YES_ERROR;
				CLANG_WARN_UNREACHABLE_CODE = YES;
				CLANG_WARN__DUPLICATE_METHOD_MATCH = YES;
				"CODE_SIGN_IDENTITY[sdk=iphoneos*]" = "iPhone Developer";
				COPY_PHASE_STRIP = NO;
				DEBUG_INFORMATION_FORMAT = "dwarf-with-dsym";
				ENABLE_STRICT_OBJC_MSGSEND = YES;
				GCC_C_LANGUAGE_STANDARD = gnu99;
				GCC_DYNAMIC_NO_PIC = NO;
				GCC_NO_COMMON_BLOCKS = YES;
				GCC_OPTIMIZATION_LEVEL = 0;
				GCC_PREPROCESSOR_DEFINITIONS = (
					"DEBUG=1",
					"$(inherited)",
				);
				GCC_SYMBOLS_PRIVATE_EXTERN = NO;
				GCC_WARN_64_TO_32_BIT_CONVERSION = YES;
				GCC_WARN_ABOUT_RETURN_TYPE = YES_ERROR;
				GCC_WARN_UNDECLARED_SELECTOR = YES;
				GCC_WARN_UNINITIALIZED_AUTOS = YES_AGGRESSIVE;
				GCC_WARN_UNUSED_FUNCTION = YES;
				GCC_WARN_UNUSED_VARIABLE = YES;
				IPHONEOS_DEPLOYMENT_TARGET = 8.3;
				MTL_ENABLE_DEBUG_INFO = YES;
				ONLY_ACTIVE_ARCH = YES;
				SDKROOT = iphoneos;
				SWIFT_OPTIMIZATION_LEVEL = "-Onone";
				TARGETED_DEVICE_FAMILY = "1,2";
			};
			name = Debug;
		};
		853A92661B3979D900A3B496 /* Release */ = {
			isa = XCBuildConfiguration;
			buildSettings = {
				ALWAYS_SEARCH_USER_PATHS = NO;
				CLANG_CXX_LANGUAGE_STANDARD = "gnu++0x";
				CLANG_CXX_LIBRARY = "libc++";
				CLANG_ENABLE_MODULES = YES;
				CLANG_ENABLE_OBJC_ARC = YES;
				CLANG_WARN_BOOL_CONVERSION = YES;
				CLANG_WARN_CONSTANT_CONVERSION = YES;
				CLANG_WARN_DIRECT_OBJC_ISA_USAGE = YES_ERROR;
				CLANG_WARN_EMPTY_BODY = YES;
				CLANG_WARN_ENUM_CONVERSION = YES;
				CLANG_WARN_INT_CONVERSION = YES;
				CLANG_WARN_OBJC_ROOT_CLASS = YES_ERROR;
				CLANG_WARN_UNREACHABLE_CODE = YES;
				CLANG_WARN__DUPLICATE_METHOD_MATCH = YES;
				"CODE_SIGN_IDENTITY[sdk=iphoneos*]" = "iPhone Developer";
				COPY_PHASE_STRIP = NO;
				DEBUG_INFORMATION_FORMAT = "dwarf-with-dsym";
				ENABLE_NS_ASSERTIONS = NO;
				ENABLE_STRICT_OBJC_MSGSEND = YES;
				GCC_C_LANGUAGE_STANDARD = gnu99;
				GCC_NO_COMMON_BLOCKS = YES;
				GCC_WARN_64_TO_32_BIT_CONVERSION = YES;
				GCC_WARN_ABOUT_RETURN_TYPE = YES_ERROR;
				GCC_WARN_UNDECLARED_SELECTOR = YES;
				GCC_WARN_UNINITIALIZED_AUTOS = YES_AGGRESSIVE;
				GCC_WARN_UNUSED_FUNCTION = YES;
				GCC_WARN_UNUSED_VARIABLE = YES;
				IPHONEOS_DEPLOYMENT_TARGET = 8.3;
				MTL_ENABLE_DEBUG_INFO = NO;
				SDKROOT = iphoneos;
				TARGETED_DEVICE_FAMILY = "1,2";
				VALIDATE_PRODUCT = YES;
			};
			name = Release;
		};
		853A92681B3979D900A3B496 /* Debug */ = {
			isa = XCBuildConfiguration;
			buildSettings = {
				ASSETCATALOG_COMPILER_APPICON_NAME = AppIcon;
				INFOPLIST_FILE = SecondAutoLayout/Info.plist;
				LD_RUNPATH_SEARCH_PATHS = "$(inherited) @executable_path/Frameworks";
				PRODUCT_NAME = "$(TARGET_NAME)";
			};
			name = Debug;
		};
		853A92691B3979D900A3B496 /* Release */ = {
			isa = XCBuildConfiguration;
			buildSettings = {
				ASSETCATALOG_COMPILER_APPICON_NAME = AppIcon;
				INFOPLIST_FILE = SecondAutoLayout/Info.plist;
				LD_RUNPATH_SEARCH_PATHS = "$(inherited) @executable_path/Frameworks";
				PRODUCT_NAME = "$(TARGET_NAME)";
			};
			name = Release;
		};
		853A926B1B3979D900A3B496 /* Debug */ = {
			isa = XCBuildConfiguration;
			buildSettings = {
				BUNDLE_LOADER = "$(TEST_HOST)";
				FRAMEWORK_SEARCH_PATHS = (
					"$(SDKROOT)/Developer/Library/Frameworks",
					"$(inherited)",
				);
				GCC_PREPROCESSOR_DEFINITIONS = (
					"DEBUG=1",
					"$(inherited)",
				);
				INFOPLIST_FILE = SecondAutoLayoutTests/Info.plist;
				LD_RUNPATH_SEARCH_PATHS = "$(inherited) @executable_path/Frameworks @loader_path/Frameworks";
				PRODUCT_NAME = "$(TARGET_NAME)";
				TEST_HOST = "$(BUILT_PRODUCTS_DIR)/SecondAutoLayout.app/SecondAutoLayout";
			};
			name = Debug;
		};
		853A926C1B3979D900A3B496 /* Release */ = {
			isa = XCBuildConfiguration;
			buildSettings = {
				BUNDLE_LOADER = "$(TEST_HOST)";
				FRAMEWORK_SEARCH_PATHS = (
					"$(SDKROOT)/Developer/Library/Frameworks",
					"$(inherited)",
				);
				INFOPLIST_FILE = SecondAutoLayoutTests/Info.plist;
				LD_RUNPATH_SEARCH_PATHS = "$(inherited) @executable_path/Frameworks @loader_path/Frameworks";
				PRODUCT_NAME = "$(TARGET_NAME)";
				TEST_HOST = "$(BUILT_PRODUCTS_DIR)/SecondAutoLayout.app/SecondAutoLayout";
			};
			name = Release;
		};
/* End XCBuildConfiguration section */

/* Begin XCConfigurationList section */
		853A92431B3979D900A3B496 /* Build configuration list for PBXProject "SecondAutoLayout" */ = {
			isa = XCConfigurationList;
			buildConfigurations = (
				853A92651B3979D900A3B496 /* Debug */,
				853A92661B3979D900A3B496 /* Release */,
			);
			defaultConfigurationIsVisible = 0;
			defaultConfigurationName = Release;
		};
		853A92671B3979D900A3B496 /* Build configuration list for PBXNativeTarget "SecondAutoLayout" */ = {
			isa = XCConfigurationList;
			buildConfigurations = (
				853A92681B3979D900A3B496 /* Debug */,
				853A92691B3979D900A3B496 /* Release */,
			);
			defaultConfigurationIsVisible = 0;
		};
		853A926A1B3979D900A3B496 /* Build configuration list for PBXNativeTarget "SecondAutoLayoutTests" */ = {
			isa = XCConfigurationList;
			buildConfigurations = (
				853A926B1B3979D900A3B496 /* Debug */,
				853A926C1B3979D900A3B496 /* Release */,
			);
			defaultConfigurationIsVisible = 0;
		};
/* End XCConfigurationList section */
	};
	rootObject = 853A92401B3979D900A3B496 /* Project object */;
}
