// !$*UTF8*$!
{
	archiveVersion = 1;
	classes = {
	};
	objectVersion = 46;
	objects = {

/* Begin PBXBuildFile section */
		85C243131A393D640018C789 /* AppDelegate.swift in Sources */ = {isa = PBXBuildFile; fileRef = 85C243121A393D640018C789 /* AppDelegate.swift */; };
		85C243151A393D640018C789 /* ViewController.swift in Sources */ = {isa = PBXBuildFile; fileRef = 85C243141A393D640018C789 /* ViewController.swift */; };
		85C243181A393D640018C789 /* Main.storyboard in Resources */ = {isa = PBXBuildFile; fileRef = 85C243161A393D640018C789 /* Main.storyboard */; };
		85C2431A1A393D640018C789 /* Images.xcassets in Resources */ = {isa = PBXBuildFile; fileRef = 85C243191A393D640018C789 /* Images.xcassets */; };
		85C2431D1A393D640018C789 /* LaunchScreen.xib in Resources */ = {isa = PBXBuildFile; fileRef = 85C2431B1A393D640018C789 /* LaunchScreen.xib */; };
		85C243291A393D650018C789 /* ShoeSizeConverterTests.swift in Sources */ = {isa = PBXBuildFile; fileRef = 85C243281A393D650018C789 /* ShoeSizeConverterTests.swift */; };
/* End PBXBuildFile section */

/* Begin PBXContainerItemProxy section */
		85C243231A393D650018C789 /* PBXContainerItemProxy */ = {
			isa = PBXContainerItemProxy;
			containerPortal = 85C243051A393D640018C789 /* Project object */;
			proxyType = 1;
			remoteGlobalIDString = 85C2430C1A393D640018C789;
			remoteInfo = ShoeSizeConverter;
		};
/* End PBXContainerItemProxy section */

/* Begin PBXFileReference section */
		85C2430D1A393D640018C789 /* ShoeSizeConverter.app */ = {isa = PBXFileReference; explicitFileType = wrapper.application; includeInIndex = 0; path = ShoeSizeConverter.app; sourceTree = BUILT_PRODUCTS_DIR; };
		85C243111A393D640018C789 /* Info.plist */ = {isa = PBXFileReference; lastKnownFileType = text.plist.xml; path = Info.plist; sourceTree = "<group>"; };
		85C243121A393D640018C789 /* AppDelegate.swift */ = {isa = PBXFileReference; lastKnownFileType = sourcecode.swift; path = AppDelegate.swift; sourceTree = "<group>"; };
		85C243141A393D640018C789 /* ViewController.swift */ = {isa = PBXFileReference; lastKnownFileType = sourcecode.swift; path = ViewController.swift; sourceTree = "<group>"; };
		85C243171A393D640018C789 /* Base */ = {isa = PBXFileReference; lastKnownFileType = file.storyboard; name = Base; path = Base.lproj/Main.storyboard; sourceTree = "<group>"; };
		85C243191A393D640018C789 /* Images.xcassets */ = {isa = PBXFileReference; lastKnownFileType = folder.assetcatalog; path = Images.xcassets; sourceTree = "<group>"; };
		85C2431C1A393D640018C789 /* Base */ = {isa = PBXFileReference; lastKnownFileType = file.xib; name = Base; path = Base.lproj/LaunchScreen.xib; sourceTree = "<group>"; };
		85C243221A393D650018C789 /* ShoeSizeConverterTests.xctest */ = {isa = PBXFileReference; explicitFileType = wrapper.cfbundle; includeInIndex = 0; path = ShoeSizeConverterTests.xctest; sourceTree = BUILT_PRODUCTS_DIR; };
		85C243271A393D650018C789 /* Info.plist */ = {isa = PBXFileReference; lastKnownFileType = text.plist.xml; path = Info.plist; sourceTree = "<group>"; };
		85C243281A393D650018C789 /* ShoeSizeConverterTests.swift */ = {isa = PBXFileReference; lastKnownFileType = sourcecode.swift; path = ShoeSizeConverterTests.swift; sourceTree = "<group>"; };
/* End PBXFileReference section */

/* Begin PBXFrameworksBuildPhase section */
		85C2430A1A393D640018C789 /* Frameworks */ = {
			isa = PBXFrameworksBuildPhase;
			buildActionMask = 2147483647;
			files = (
			);
			runOnlyForDeploymentPostprocessing = 0;
		};
		85C2431F1A393D650018C789 /* Frameworks */ = {
			isa = PBXFrameworksBuildPhase;
			buildActionMask = 2147483647;
			files = (
			);
			runOnlyForDeploymentPostprocessing = 0;
		};
/* End PBXFrameworksBuildPhase section */

/* Begin PBXGroup section */
		85C243041A393D640018C789 = {
			isa = PBXGroup;
			children = (
				85C2430F1A393D640018C789 /* ShoeSizeConverter */,
				85C243251A393D650018C789 /* ShoeSizeConverterTests */,
				85C2430E1A393D640018C789 /* Products */,
			);
			sourceTree = "<group>";
		};
		85C2430E1A393D640018C789 /* Products */ = {
			isa = PBXGroup;
			children = (
				85C2430D1A393D640018C789 /* ShoeSizeConverter.app */,
				85C243221A393D650018C789 /* ShoeSizeConverterTests.xctest */,
			);
			name = Products;
			sourceTree = "<group>";
		};
		85C2430F1A393D640018C789 /* ShoeSizeConverter */ = {
			isa = PBXGroup;
			children = (
				85C243121A393D640018C789 /* AppDelegate.swift */,
				85C243141A393D640018C789 /* ViewController.swift */,
				85C243161A393D640018C789 /* Main.storyboard */,
				85C243191A393D640018C789 /* Images.xcassets */,
				85C2431B1A393D640018C789 /* LaunchScreen.xib */,
				85C243101A393D640018C789 /* Supporting Files */,
			);
			path = ShoeSizeConverter;
			sourceTree = "<group>";
		};
		85C243101A393D640018C789 /* Supporting Files */ = {
			isa = PBXGroup;
			children = (
				85C243111A393D640018C789 /* Info.plist */,
			);
			name = "Supporting Files";
			sourceTree = "<group>";
		};
		85C243251A393D650018C789 /* ShoeSizeConverterTests */ = {
			isa = PBXGroup;
			children = (
				85C243281A393D650018C789 /* ShoeSizeConverterTests.swift */,
				85C243261A393D650018C789 /* Supporting Files */,
			);
			path = ShoeSizeConverterTests;
			sourceTree = "<group>";
		};
		85C243261A393D650018C789 /* Supporting Files */ = {
			isa = PBXGroup;
			children = (
				85C243271A393D650018C789 /* Info.plist */,
			);
			name = "Supporting Files";
			sourceTree = "<group>";
		};
/* End PBXGroup section */

/* Begin PBXNativeTarget section */
		85C2430C1A393D640018C789 /* ShoeSizeConverter */ = {
			isa = PBXNativeTarget;
			buildConfigurationList = 85C2432C1A393D650018C789 /* Build configuration list for PBXNativeTarget "ShoeSizeConverter" */;
			buildPhases = (
				85C243091A393D640018C789 /* Sources */,
				85C2430A1A393D640018C789 /* Frameworks */,
				85C2430B1A393D640018C789 /* Resources */,
			);
			buildRules = (
			);
			dependencies = (
			);
			name = ShoeSizeConverter;
			productName = ShoeSizeConverter;
			productReference = 85C2430D1A393D640018C789 /* ShoeSizeConverter.app */;
			productType = "com.apple.product-type.application";
		};
		85C243211A393D650018C789 /* ShoeSizeConverterTests */ = {
			isa = PBXNativeTarget;
			buildConfigurationList = 85C2432F1A393D650018C789 /* Build configuration list for PBXNativeTarget "ShoeSizeConverterTests" */;
			buildPhases = (
				85C2431E1A393D650018C789 /* Sources */,
				85C2431F1A393D650018C789 /* Frameworks */,
				85C243201A393D650018C789 /* Resources */,
			);
			buildRules = (
			);
			dependencies = (
				85C243241A393D650018C789 /* PBXTargetDependency */,
			);
			name = ShoeSizeConverterTests;
			productName = ShoeSizeConverterTests;
			productReference = 85C243221A393D650018C789 /* ShoeSizeConverterTests.xctest */;
			productType = "com.apple.product-type.bundle.unit-test";
		};
/* End PBXNativeTarget section */

/* Begin PBXProject section */
		85C243051A393D640018C789 /* Project object */ = {
			isa = PBXProject;
			attributes = {
				LastUpgradeCheck = 0610;
				ORGANIZATIONNAME = chicovg;
				TargetAttributes = {
					85C2430C1A393D640018C789 = {
						CreatedOnToolsVersion = 6.1.1;
					};
					85C243211A393D650018C789 = {
						CreatedOnToolsVersion = 6.1.1;
						TestTargetID = 85C2430C1A393D640018C789;
					};
				};
			};
			buildConfigurationList = 85C243081A393D640018C789 /* Build configuration list for PBXProject "ShoeSizeConverter" */;
			compatibilityVersion = "Xcode 3.2";
			developmentRegion = English;
			hasScannedForEncodings = 0;
			knownRegions = (
				en,
				Base,
			);
			mainGroup = 85C243041A393D640018C789;
			productRefGroup = 85C2430E1A393D640018C789 /* Products */;
			projectDirPath = "";
			projectRoot = "";
			targets = (
				85C2430C1A393D640018C789 /* ShoeSizeConverter */,
				85C243211A393D650018C789 /* ShoeSizeConverterTests */,
			);
		};
/* End PBXProject section */

/* Begin PBXResourcesBuildPhase section */
		85C2430B1A393D640018C789 /* Resources */ = {
			isa = PBXResourcesBuildPhase;
			buildActionMask = 2147483647;
			files = (
				85C243181A393D640018C789 /* Main.storyboard in Resources */,
				85C2431D1A393D640018C789 /* LaunchScreen.xib in Resources */,
				85C2431A1A393D640018C789 /* Images.xcassets in Resources */,
			);
			runOnlyForDeploymentPostprocessing = 0;
		};
		85C243201A393D650018C789 /* Resources */ = {
			isa = PBXResourcesBuildPhase;
			buildActionMask = 2147483647;
			files = (
			);
			runOnlyForDeploymentPostprocessing = 0;
		};
/* End PBXResourcesBuildPhase section */

/* Begin PBXSourcesBuildPhase section */
		85C243091A393D640018C789 /* Sources */ = {
			isa = PBXSourcesBuildPhase;
			buildActionMask = 2147483647;
			files = (
				85C243151A393D640018C789 /* ViewController.swift in Sources */,
				85C243131A393D640018C789 /* AppDelegate.swift in Sources */,
			);
			runOnlyForDeploymentPostprocessing = 0;
		};
		85C2431E1A393D650018C789 /* Sources */ = {
			isa = PBXSourcesBuildPhase;
			buildActionMask = 2147483647;
			files = (
				85C243291A393D650018C789 /* ShoeSizeConverterTests.swift in Sources */,
			);
			runOnlyForDeploymentPostprocessing = 0;
		};
/* End PBXSourcesBuildPhase section */

/* Begin PBXTargetDependency section */
		85C243241A393D650018C789 /* PBXTargetDependency */ = {
			isa = PBXTargetDependency;
			target = 85C2430C1A393D640018C789 /* ShoeSizeConverter */;
			targetProxy = 85C243231A393D650018C789 /* PBXContainerItemProxy */;
		};
/* End PBXTargetDependency section */

/* Begin PBXVariantGroup section */
		85C243161A393D640018C789 /* Main.storyboard */ = {
			isa = PBXVariantGroup;
			children = (
				85C243171A393D640018C789 /* Base */,
			);
			name = Main.storyboard;
			sourceTree = "<group>";
		};
		85C2431B1A393D640018C789 /* LaunchScreen.xib */ = {
			isa = PBXVariantGroup;
			children = (
				85C2431C1A393D640018C789 /* Base */,
			);
			name = LaunchScreen.xib;
			sourceTree = "<group>";
		};
/* End PBXVariantGroup section */

/* Begin XCBuildConfiguration section */
		85C2432A1A393D650018C789 /* Debug */ = {
			isa = XCBuildConfiguration;
			buildSettings = {
				ALWAYS_SEARCH_USER_PATHS = NO;
				CLANG_CXX_LANGUAGE_STANDARD = "gnu++0x";
				CLANG_CXX_LIBRARY = "libc++";
				CLANG_ENABLE_MODULES = YES;
				CLANG_ENABLE_OBJC_ARC = YES;
				CLANG_WARN_BOOL_CONVERSION = YES;
				CLANG_WARN_CONSTANT_CONVERSION = YES;
				CLANG_WARN_DIRECT_OBJC_ISA_USAGE = YES_ERROR;
				CLANG_WARN_EMPTY_BODY = YES;
				CLANG_WARN_ENUM_CONVERSION = YES;
				CLANG_WARN_INT_CONVERSION = YES;
				CLANG_WARN_OBJC_ROOT_CLASS = YES_ERROR;
				CLANG_WARN_UNREACHABLE_CODE = YES;
				CLANG_WARN__DUPLICATE_METHOD_MATCH = YES;
				"CODE_SIGN_IDENTITY[sdk=iphoneos*]" = "iPhone Developer";
				COPY_PHASE_STRIP = NO;
				ENABLE_STRICT_OBJC_MSGSEND = YES;
				GCC_C_LANGUAGE_STANDARD = gnu99;
				GCC_DYNAMIC_NO_PIC = NO;
				GCC_OPTIMIZATION_LEVEL = 0;
				GCC_PREPROCESSOR_DEFINITIONS = (
					"DEBUG=1",
					"$(inherited)",
				);
				GCC_SYMBOLS_PRIVATE_EXTERN = NO;
				GCC_WARN_64_TO_32_BIT_CONVERSION = YES;
				GCC_WARN_ABOUT_RETURN_TYPE = YES_ERROR;
				GCC_WARN_UNDECLARED_SELECTOR = YES;
				GCC_WARN_UNINITIALIZED_AUTOS = YES_AGGRESSIVE;
				GCC_WARN_UNUSED_FUNCTION = YES;
				GCC_WARN_UNUSED_VARIABLE = YES;
				IPHONEOS_DEPLOYMENT_TARGET = 8.1;
				MTL_ENABLE_DEBUG_INFO = YES;
				ONLY_ACTIVE_ARCH = YES;
				SDKROOT = iphoneos;
				SWIFT_OPTIMIZATION_LEVEL = "-Onone";
				TARGETED_DEVICE_FAMILY = "1,2";
			};
			name = Debug;
		};
		85C2432B1A393D650018C789 /* Release */ = {
			isa = XCBuildConfiguration;
			buildSettings = {
				ALWAYS_SEARCH_USER_PATHS = NO;
				CLANG_CXX_LANGUAGE_STANDARD = "gnu++0x";
				CLANG_CXX_LIBRARY = "libc++";
				CLANG_ENABLE_MODULES = YES;
				CLANG_ENABLE_OBJC_ARC = YES;
				CLANG_WARN_BOOL_CONVERSION = YES;
				CLANG_WARN_CONSTANT_CONVERSION = YES;
				CLANG_WARN_DIRECT_OBJC_ISA_USAGE = YES_ERROR;
				CLANG_WARN_EMPTY_BODY = YES;
				CLANG_WARN_ENUM_CONVERSION = YES;
				CLANG_WARN_INT_CONVERSION = YES;
				CLANG_WARN_OBJC_ROOT_CLASS = YES_ERROR;
				CLANG_WARN_UNREACHABLE_CODE = YES;
				CLANG_WARN__DUPLICATE_METHOD_MATCH = YES;
				"CODE_SIGN_IDENTITY[sdk=iphoneos*]" = "iPhone Developer";
				COPY_PHASE_STRIP = YES;
				ENABLE_NS_ASSERTIONS = NO;
				ENABLE_STRICT_OBJC_MSGSEND = YES;
				GCC_C_LANGUAGE_STANDARD = gnu99;
				GCC_WARN_64_TO_32_BIT_CONVERSION = YES;
				GCC_WARN_ABOUT_RETURN_TYPE = YES_ERROR;
				GCC_WARN_UNDECLARED_SELECTOR = YES;
				GCC_WARN_UNINITIALIZED_AUTOS = YES_AGGRESSIVE;
				GCC_WARN_UNUSED_FUNCTION = YES;
				GCC_WARN_UNUSED_VARIABLE = YES;
				IPHONEOS_DEPLOYMENT_TARGET = 8.1;
				MTL_ENABLE_DEBUG_INFO = NO;
				SDKROOT = iphoneos;
				TARGETED_DEVICE_FAMILY = "1,2";
				VALIDATE_PRODUCT = YES;
			};
			name = Release;
		};
		85C2432D1A393D650018C789 /* Debug */ = {
			isa = XCBuildConfiguration;
			buildSettings = {
				ASSETCATALOG_COMPILER_APPICON_NAME = AppIcon;
				INFOPLIST_FILE = ShoeSizeConverter/Info.plist;
				LD_RUNPATH_SEARCH_PATHS = "$(inherited) @executable_path/Frameworks";
				PRODUCT_NAME = "$(TARGET_NAME)";
			};
			name = Debug;
		};
		85C2432E1A393D650018C789 /* Release */ = {
			isa = XCBuildConfiguration;
			buildSettings = {
				ASSETCATALOG_COMPILER_APPICON_NAME = AppIcon;
				INFOPLIST_FILE = ShoeSizeConverter/Info.plist;
				LD_RUNPATH_SEARCH_PATHS = "$(inherited) @executable_path/Frameworks";
				PRODUCT_NAME = "$(TARGET_NAME)";
			};
			name = Release;
		};
		85C243301A393D650018C789 /* Debug */ = {
			isa = XCBuildConfiguration;
			buildSettings = {
				BUNDLE_LOADER = "$(TEST_HOST)";
				FRAMEWORK_SEARCH_PATHS = (
					"$(SDKROOT)/Developer/Library/Frameworks",
					"$(inherited)",
				);
				GCC_PREPROCESSOR_DEFINITIONS = (
					"DEBUG=1",
					"$(inherited)",
				);
				INFOPLIST_FILE = ShoeSizeConverterTests/Info.plist;
				LD_RUNPATH_SEARCH_PATHS = "$(inherited) @executable_path/Frameworks @loader_path/Frameworks";
				PRODUCT_NAME = "$(TARGET_NAME)";
				TEST_HOST = "$(BUILT_PRODUCTS_DIR)/ShoeSizeConverter.app/ShoeSizeConverter";
			};
			name = Debug;
		};
		85C243311A393D650018C789 /* Release */ = {
			isa = XCBuildConfiguration;
			buildSettings = {
				BUNDLE_LOADER = "$(TEST_HOST)";
				FRAMEWORK_SEARCH_PATHS = (
					"$(SDKROOT)/Developer/Library/Frameworks",
					"$(inherited)",
				);
				INFOPLIST_FILE = ShoeSizeConverterTests/Info.plist;
				LD_RUNPATH_SEARCH_PATHS = "$(inherited) @executable_path/Frameworks @loader_path/Frameworks";
				PRODUCT_NAME = "$(TARGET_NAME)";
				TEST_HOST = "$(BUILT_PRODUCTS_DIR)/ShoeSizeConverter.app/ShoeSizeConverter";
			};
			name = Release;
		};
/* End XCBuildConfiguration section */

/* Begin XCConfigurationList section */
		85C243081A393D640018C789 /* Build configuration list for PBXProject "ShoeSizeConverter" */ = {
			isa = XCConfigurationList;
			buildConfigurations = (
				85C2432A1A393D650018C789 /* Debug */,
				85C2432B1A393D650018C789 /* Release */,
			);
			defaultConfigurationIsVisible = 0;
			defaultConfigurationName = Release;
		};
		85C2432C1A393D650018C789 /* Build configuration list for PBXNativeTarget "ShoeSizeConverter" */ = {
			isa = XCConfigurationList;
			buildConfigurations = (
				85C2432D1A393D650018C789 /* Debug */,
				85C2432E1A393D650018C789 /* Release */,
			);
			defaultConfigurationIsVisible = 0;
		};
		85C2432F1A393D650018C789 /* Build configuration list for PBXNativeTarget "ShoeSizeConverterTests" */ = {
			isa = XCConfigurationList;
			buildConfigurations = (
				85C243301A393D650018C789 /* Debug */,
				85C243311A393D650018C789 /* Release */,
			);
			defaultConfigurationIsVisible = 0;
		};
/* End XCConfigurationList section */
	};
	rootObject = 85C243051A393D640018C789 /* Project object */;
}
