// !$*UTF8*$!
{
	archiveVersion = 1;
	classes = {
	};
	objectVersion = 46;
	objects = {

/* Begin PBXBuildFile section */
		85AE661C1A3C926C00F7D5F0 /* AppDelegate.swift in Sources */ = {isa = PBXBuildFile; fileRef = 85AE661B1A3C926C00F7D5F0 /* AppDelegate.swift */; };
		85AE661E1A3C926C00F7D5F0 /* ViewController.swift in Sources */ = {isa = PBXBuildFile; fileRef = 85AE661D1A3C926C00F7D5F0 /* ViewController.swift */; };
		85AE66211A3C926C00F7D5F0 /* Main.storyboard in Resources */ = {isa = PBXBuildFile; fileRef = 85AE661F1A3C926C00F7D5F0 /* Main.storyboard */; };
		85AE66231A3C926C00F7D5F0 /* Images.xcassets in Resources */ = {isa = PBXBuildFile; fileRef = 85AE66221A3C926C00F7D5F0 /* Images.xcassets */; };
		85AE66261A3C926C00F7D5F0 /* LaunchScreen.xib in Resources */ = {isa = PBXBuildFile; fileRef = 85AE66241A3C926C00F7D5F0 /* LaunchScreen.xib */; };
		85AE66321A3C926C00F7D5F0 /* ControlFlow_XCodeTests.swift in Sources */ = {isa = PBXBuildFile; fileRef = 85AE66311A3C926C00F7D5F0 /* ControlFlow_XCodeTests.swift */; };
/* End PBXBuildFile section */

/* Begin PBXContainerItemProxy section */
		85AE662C1A3C926C00F7D5F0 /* PBXContainerItemProxy */ = {
			isa = PBXContainerItemProxy;
			containerPortal = 85AE660E1A3C926C00F7D5F0 /* Project object */;
			proxyType = 1;
			remoteGlobalIDString = 85AE66151A3C926C00F7D5F0;
			remoteInfo = "ControlFlow-XCode";
		};
/* End PBXContainerItemProxy section */

/* Begin PBXFileReference section */
		85AE66161A3C926C00F7D5F0 /* ControlFlow-XCode.app */ = {isa = PBXFileReference; explicitFileType = wrapper.application; includeInIndex = 0; path = "ControlFlow-XCode.app"; sourceTree = BUILT_PRODUCTS_DIR; };
		85AE661A1A3C926C00F7D5F0 /* Info.plist */ = {isa = PBXFileReference; lastKnownFileType = text.plist.xml; path = Info.plist; sourceTree = "<group>"; };
		85AE661B1A3C926C00F7D5F0 /* AppDelegate.swift */ = {isa = PBXFileReference; lastKnownFileType = sourcecode.swift; path = AppDelegate.swift; sourceTree = "<group>"; };
		85AE661D1A3C926C00F7D5F0 /* ViewController.swift */ = {isa = PBXFileReference; lastKnownFileType = sourcecode.swift; path = ViewController.swift; sourceTree = "<group>"; };
		85AE66201A3C926C00F7D5F0 /* Base */ = {isa = PBXFileReference; lastKnownFileType = file.storyboard; name = Base; path = Base.lproj/Main.storyboard; sourceTree = "<group>"; };
		85AE66221A3C926C00F7D5F0 /* Images.xcassets */ = {isa = PBXFileReference; lastKnownFileType = folder.assetcatalog; path = Images.xcassets; sourceTree = "<group>"; };
		85AE66251A3C926C00F7D5F0 /* Base */ = {isa = PBXFileReference; lastKnownFileType = file.xib; name = Base; path = Base.lproj/LaunchScreen.xib; sourceTree = "<group>"; };
		85AE662B1A3C926C00F7D5F0 /* ControlFlow-XCodeTests.xctest */ = {isa = PBXFileReference; explicitFileType = wrapper.cfbundle; includeInIndex = 0; path = "ControlFlow-XCodeTests.xctest"; sourceTree = BUILT_PRODUCTS_DIR; };
		85AE66301A3C926C00F7D5F0 /* Info.plist */ = {isa = PBXFileReference; lastKnownFileType = text.plist.xml; path = Info.plist; sourceTree = "<group>"; };
		85AE66311A3C926C00F7D5F0 /* ControlFlow_XCodeTests.swift */ = {isa = PBXFileReference; lastKnownFileType = sourcecode.swift; path = ControlFlow_XCodeTests.swift; sourceTree = "<group>"; };
/* End PBXFileReference section */

/* Begin PBXFrameworksBuildPhase section */
		85AE66131A3C926C00F7D5F0 /* Frameworks */ = {
			isa = PBXFrameworksBuildPhase;
			buildActionMask = 2147483647;
			files = (
			);
			runOnlyForDeploymentPostprocessing = 0;
		};
		85AE66281A3C926C00F7D5F0 /* Frameworks */ = {
			isa = PBXFrameworksBuildPhase;
			buildActionMask = 2147483647;
			files = (
			);
			runOnlyForDeploymentPostprocessing = 0;
		};
/* End PBXFrameworksBuildPhase section */

/* Begin PBXGroup section */
		85AE660D1A3C926C00F7D5F0 = {
			isa = PBXGroup;
			children = (
				85AE66181A3C926C00F7D5F0 /* ControlFlow-XCode */,
				85AE662E1A3C926C00F7D5F0 /* ControlFlow-XCodeTests */,
				85AE66171A3C926C00F7D5F0 /* Products */,
			);
			sourceTree = "<group>";
		};
		85AE66171A3C926C00F7D5F0 /* Products */ = {
			isa = PBXGroup;
			children = (
				85AE66161A3C926C00F7D5F0 /* ControlFlow-XCode.app */,
				85AE662B1A3C926C00F7D5F0 /* ControlFlow-XCodeTests.xctest */,
			);
			name = Products;
			sourceTree = "<group>";
		};
		85AE66181A3C926C00F7D5F0 /* ControlFlow-XCode */ = {
			isa = PBXGroup;
			children = (
				85AE661B1A3C926C00F7D5F0 /* AppDelegate.swift */,
				85AE661D1A3C926C00F7D5F0 /* ViewController.swift */,
				85AE661F1A3C926C00F7D5F0 /* Main.storyboard */,
				85AE66221A3C926C00F7D5F0 /* Images.xcassets */,
				85AE66241A3C926C00F7D5F0 /* LaunchScreen.xib */,
				85AE66191A3C926C00F7D5F0 /* Supporting Files */,
			);
			path = "ControlFlow-XCode";
			sourceTree = "<group>";
		};
		85AE66191A3C926C00F7D5F0 /* Supporting Files */ = {
			isa = PBXGroup;
			children = (
				85AE661A1A3C926C00F7D5F0 /* Info.plist */,
			);
			name = "Supporting Files";
			sourceTree = "<group>";
		};
		85AE662E1A3C926C00F7D5F0 /* ControlFlow-XCodeTests */ = {
			isa = PBXGroup;
			children = (
				85AE66311A3C926C00F7D5F0 /* ControlFlow_XCodeTests.swift */,
				85AE662F1A3C926C00F7D5F0 /* Supporting Files */,
			);
			path = "ControlFlow-XCodeTests";
			sourceTree = "<group>";
		};
		85AE662F1A3C926C00F7D5F0 /* Supporting Files */ = {
			isa = PBXGroup;
			children = (
				85AE66301A3C926C00F7D5F0 /* Info.plist */,
			);
			name = "Supporting Files";
			sourceTree = "<group>";
		};
/* End PBXGroup section */

/* Begin PBXNativeTarget section */
		85AE66151A3C926C00F7D5F0 /* ControlFlow-XCode */ = {
			isa = PBXNativeTarget;
			buildConfigurationList = 85AE66351A3C926C00F7D5F0 /* Build configuration list for PBXNativeTarget "ControlFlow-XCode" */;
			buildPhases = (
				85AE66121A3C926C00F7D5F0 /* Sources */,
				85AE66131A3C926C00F7D5F0 /* Frameworks */,
				85AE66141A3C926C00F7D5F0 /* Resources */,
			);
			buildRules = (
			);
			dependencies = (
			);
			name = "ControlFlow-XCode";
			productName = "ControlFlow-XCode";
			productReference = 85AE66161A3C926C00F7D5F0 /* ControlFlow-XCode.app */;
			productType = "com.apple.product-type.application";
		};
		85AE662A1A3C926C00F7D5F0 /* ControlFlow-XCodeTests */ = {
			isa = PBXNativeTarget;
			buildConfigurationList = 85AE66381A3C926C00F7D5F0 /* Build configuration list for PBXNativeTarget "ControlFlow-XCodeTests" */;
			buildPhases = (
				85AE66271A3C926C00F7D5F0 /* Sources */,
				85AE66281A3C926C00F7D5F0 /* Frameworks */,
				85AE66291A3C926C00F7D5F0 /* Resources */,
			);
			buildRules = (
			);
			dependencies = (
				85AE662D1A3C926C00F7D5F0 /* PBXTargetDependency */,
			);
			name = "ControlFlow-XCodeTests";
			productName = "ControlFlow-XCodeTests";
			productReference = 85AE662B1A3C926C00F7D5F0 /* ControlFlow-XCodeTests.xctest */;
			productType = "com.apple.product-type.bundle.unit-test";
		};
/* End PBXNativeTarget section */

/* Begin PBXProject section */
		85AE660E1A3C926C00F7D5F0 /* Project object */ = {
			isa = PBXProject;
			attributes = {
				LastUpgradeCheck = 0610;
				ORGANIZATIONNAME = chicovg;
				TargetAttributes = {
					85AE66151A3C926C00F7D5F0 = {
						CreatedOnToolsVersion = 6.1.1;
					};
					85AE662A1A3C926C00F7D5F0 = {
						CreatedOnToolsVersion = 6.1.1;
						TestTargetID = 85AE66151A3C926C00F7D5F0;
					};
				};
			};
			buildConfigurationList = 85AE66111A3C926C00F7D5F0 /* Build configuration list for PBXProject "ControlFlow-XCode" */;
			compatibilityVersion = "Xcode 3.2";
			developmentRegion = English;
			hasScannedForEncodings = 0;
			knownRegions = (
				en,
				Base,
			);
			mainGroup = 85AE660D1A3C926C00F7D5F0;
			productRefGroup = 85AE66171A3C926C00F7D5F0 /* Products */;
			projectDirPath = "";
			projectRoot = "";
			targets = (
				85AE66151A3C926C00F7D5F0 /* ControlFlow-XCode */,
				85AE662A1A3C926C00F7D5F0 /* ControlFlow-XCodeTests */,
			);
		};
/* End PBXProject section */

/* Begin PBXResourcesBuildPhase section */
		85AE66141A3C926C00F7D5F0 /* Resources */ = {
			isa = PBXResourcesBuildPhase;
			buildActionMask = 2147483647;
			files = (
				85AE66211A3C926C00F7D5F0 /* Main.storyboard in Resources */,
				85AE66261A3C926C00F7D5F0 /* LaunchScreen.xib in Resources */,
				85AE66231A3C926C00F7D5F0 /* Images.xcassets in Resources */,
			);
			runOnlyForDeploymentPostprocessing = 0;
		};
		85AE66291A3C926C00F7D5F0 /* Resources */ = {
			isa = PBXResourcesBuildPhase;
			buildActionMask = 2147483647;
			files = (
			);
			runOnlyForDeploymentPostprocessing = 0;
		};
/* End PBXResourcesBuildPhase section */

/* Begin PBXSourcesBuildPhase section */
		85AE66121A3C926C00F7D5F0 /* Sources */ = {
			isa = PBXSourcesBuildPhase;
			buildActionMask = 2147483647;
			files = (
				85AE661E1A3C926C00F7D5F0 /* ViewController.swift in Sources */,
				85AE661C1A3C926C00F7D5F0 /* AppDelegate.swift in Sources */,
			);
			runOnlyForDeploymentPostprocessing = 0;
		};
		85AE66271A3C926C00F7D5F0 /* Sources */ = {
			isa = PBXSourcesBuildPhase;
			buildActionMask = 2147483647;
			files = (
				85AE66321A3C926C00F7D5F0 /* ControlFlow_XCodeTests.swift in Sources */,
			);
			runOnlyForDeploymentPostprocessing = 0;
		};
/* End PBXSourcesBuildPhase section */

/* Begin PBXTargetDependency section */
		85AE662D1A3C926C00F7D5F0 /* PBXTargetDependency */ = {
			isa = PBXTargetDependency;
			target = 85AE66151A3C926C00F7D5F0 /* ControlFlow-XCode */;
			targetProxy = 85AE662C1A3C926C00F7D5F0 /* PBXContainerItemProxy */;
		};
/* End PBXTargetDependency section */

/* Begin PBXVariantGroup section */
		85AE661F1A3C926C00F7D5F0 /* Main.storyboard */ = {
			isa = PBXVariantGroup;
			children = (
				85AE66201A3C926C00F7D5F0 /* Base */,
			);
			name = Main.storyboard;
			sourceTree = "<group>";
		};
		85AE66241A3C926C00F7D5F0 /* LaunchScreen.xib */ = {
			isa = PBXVariantGroup;
			children = (
				85AE66251A3C926C00F7D5F0 /* Base */,
			);
			name = LaunchScreen.xib;
			sourceTree = "<group>";
		};
/* End PBXVariantGroup section */

/* Begin XCBuildConfiguration section */
		85AE66331A3C926C00F7D5F0 /* Debug */ = {
			isa = XCBuildConfiguration;
			buildSettings = {
				ALWAYS_SEARCH_USER_PATHS = NO;
				CLANG_CXX_LANGUAGE_STANDARD = "gnu++0x";
				CLANG_CXX_LIBRARY = "libc++";
				CLANG_ENABLE_MODULES = YES;
				CLANG_ENABLE_OBJC_ARC = YES;
				CLANG_WARN_BOOL_CONVERSION = YES;
				CLANG_WARN_CONSTANT_CONVERSION = YES;
				CLANG_WARN_DIRECT_OBJC_ISA_USAGE = YES_ERROR;
				CLANG_WARN_EMPTY_BODY = YES;
				CLANG_WARN_ENUM_CONVERSION = YES;
				CLANG_WARN_INT_CONVERSION = YES;
				CLANG_WARN_OBJC_ROOT_CLASS = YES_ERROR;
				CLANG_WARN_UNREACHABLE_CODE = YES;
				CLANG_WARN__DUPLICATE_METHOD_MATCH = YES;
				"CODE_SIGN_IDENTITY[sdk=iphoneos*]" = "iPhone Developer";
				COPY_PHASE_STRIP = NO;
				ENABLE_STRICT_OBJC_MSGSEND = YES;
				GCC_C_LANGUAGE_STANDARD = gnu99;
				GCC_DYNAMIC_NO_PIC = NO;
				GCC_OPTIMIZATION_LEVEL = 0;
				GCC_PREPROCESSOR_DEFINITIONS = (
					"DEBUG=1",
					"$(inherited)",
				);
				GCC_SYMBOLS_PRIVATE_EXTERN = NO;
				GCC_WARN_64_TO_32_BIT_CONVERSION = YES;
				GCC_WARN_ABOUT_RETURN_TYPE = YES_ERROR;
				GCC_WARN_UNDECLARED_SELECTOR = YES;
				GCC_WARN_UNINITIALIZED_AUTOS = YES_AGGRESSIVE;
				GCC_WARN_UNUSED_FUNCTION = YES;
				GCC_WARN_UNUSED_VARIABLE = YES;
				IPHONEOS_DEPLOYMENT_TARGET = 8.1;
				MTL_ENABLE_DEBUG_INFO = YES;
				ONLY_ACTIVE_ARCH = YES;
				SDKROOT = iphoneos;
				SWIFT_OPTIMIZATION_LEVEL = "-Onone";
				TARGETED_DEVICE_FAMILY = "1,2";
			};
			name = Debug;
		};
		85AE66341A3C926C00F7D5F0 /* Release */ = {
			isa = XCBuildConfiguration;
			buildSettings = {
				ALWAYS_SEARCH_USER_PATHS = NO;
				CLANG_CXX_LANGUAGE_STANDARD = "gnu++0x";
				CLANG_CXX_LIBRARY = "libc++";
				CLANG_ENABLE_MODULES = YES;
				CLANG_ENABLE_OBJC_ARC = YES;
				CLANG_WARN_BOOL_CONVERSION = YES;
				CLANG_WARN_CONSTANT_CONVERSION = YES;
				CLANG_WARN_DIRECT_OBJC_ISA_USAGE = YES_ERROR;
				CLANG_WARN_EMPTY_BODY = YES;
				CLANG_WARN_ENUM_CONVERSION = YES;
				CLANG_WARN_INT_CONVERSION = YES;
				CLANG_WARN_OBJC_ROOT_CLASS = YES_ERROR;
				CLANG_WARN_UNREACHABLE_CODE = YES;
				CLANG_WARN__DUPLICATE_METHOD_MATCH = YES;
				"CODE_SIGN_IDENTITY[sdk=iphoneos*]" = "iPhone Developer";
				COPY_PHASE_STRIP = YES;
				ENABLE_NS_ASSERTIONS = NO;
				ENABLE_STRICT_OBJC_MSGSEND = YES;
				GCC_C_LANGUAGE_STANDARD = gnu99;
				GCC_WARN_64_TO_32_BIT_CONVERSION = YES;
				GCC_WARN_ABOUT_RETURN_TYPE = YES_ERROR;
				GCC_WARN_UNDECLARED_SELECTOR = YES;
				GCC_WARN_UNINITIALIZED_AUTOS = YES_AGGRESSIVE;
				GCC_WARN_UNUSED_FUNCTION = YES;
				GCC_WARN_UNUSED_VARIABLE = YES;
				IPHONEOS_DEPLOYMENT_TARGET = 8.1;
				MTL_ENABLE_DEBUG_INFO = NO;
				SDKROOT = iphoneos;
				TARGETED_DEVICE_FAMILY = "1,2";
				VALIDATE_PRODUCT = YES;
			};
			name = Release;
		};
		85AE66361A3C926C00F7D5F0 /* Debug */ = {
			isa = XCBuildConfiguration;
			buildSettings = {
				ASSETCATALOG_COMPILER_APPICON_NAME = AppIcon;
				INFOPLIST_FILE = "ControlFlow-XCode/Info.plist";
				LD_RUNPATH_SEARCH_PATHS = "$(inherited) @executable_path/Frameworks";
				PRODUCT_NAME = "$(TARGET_NAME)";
			};
			name = Debug;
		};
		85AE66371A3C926C00F7D5F0 /* Release */ = {
			isa = XCBuildConfiguration;
			buildSettings = {
				ASSETCATALOG_COMPILER_APPICON_NAME = AppIcon;
				INFOPLIST_FILE = "ControlFlow-XCode/Info.plist";
				LD_RUNPATH_SEARCH_PATHS = "$(inherited) @executable_path/Frameworks";
				PRODUCT_NAME = "$(TARGET_NAME)";
			};
			name = Release;
		};
		85AE66391A3C926C00F7D5F0 /* Debug */ = {
			isa = XCBuildConfiguration;
			buildSettings = {
				BUNDLE_LOADER = "$(TEST_HOST)";
				FRAMEWORK_SEARCH_PATHS = (
					"$(SDKROOT)/Developer/Library/Frameworks",
					"$(inherited)",
				);
				GCC_PREPROCESSOR_DEFINITIONS = (
					"DEBUG=1",
					"$(inherited)",
				);
				INFOPLIST_FILE = "ControlFlow-XCodeTests/Info.plist";
				LD_RUNPATH_SEARCH_PATHS = "$(inherited) @executable_path/Frameworks @loader_path/Frameworks";
				PRODUCT_NAME = "$(TARGET_NAME)";
				TEST_HOST = "$(BUILT_PRODUCTS_DIR)/ControlFlow-XCode.app/ControlFlow-XCode";
			};
			name = Debug;
		};
		85AE663A1A3C926C00F7D5F0 /* Release */ = {
			isa = XCBuildConfiguration;
			buildSettings = {
				BUNDLE_LOADER = "$(TEST_HOST)";
				FRAMEWORK_SEARCH_PATHS = (
					"$(SDKROOT)/Developer/Library/Frameworks",
					"$(inherited)",
				);
				INFOPLIST_FILE = "ControlFlow-XCodeTests/Info.plist";
				LD_RUNPATH_SEARCH_PATHS = "$(inherited) @executable_path/Frameworks @loader_path/Frameworks";
				PRODUCT_NAME = "$(TARGET_NAME)";
				TEST_HOST = "$(BUILT_PRODUCTS_DIR)/ControlFlow-XCode.app/ControlFlow-XCode";
			};
			name = Release;
		};
/* End XCBuildConfiguration section */

/* Begin XCConfigurationList section */
		85AE66111A3C926C00F7D5F0 /* Build configuration list for PBXProject "ControlFlow-XCode" */ = {
			isa = XCConfigurationList;
			buildConfigurations = (
				85AE66331A3C926C00F7D5F0 /* Debug */,
				85AE66341A3C926C00F7D5F0 /* Release */,
			);
			defaultConfigurationIsVisible = 0;
			defaultConfigurationName = Release;
		};
		85AE66351A3C926C00F7D5F0 /* Build configuration list for PBXNativeTarget "ControlFlow-XCode" */ = {
			isa = XCConfigurationList;
			buildConfigurations = (
				85AE66361A3C926C00F7D5F0 /* Debug */,
				85AE66371A3C926C00F7D5F0 /* Release */,
			);
			defaultConfigurationIsVisible = 0;
		};
		85AE66381A3C926C00F7D5F0 /* Build configuration list for PBXNativeTarget "ControlFlow-XCodeTests" */ = {
			isa = XCConfigurationList;
			buildConfigurations = (
				85AE66391A3C926C00F7D5F0 /* Debug */,
				85AE663A1A3C926C00F7D5F0 /* Release */,
			);
			defaultConfigurationIsVisible = 0;
		};
/* End XCConfigurationList section */
	};
	rootObject = 85AE660E1A3C926C00F7D5F0 /* Project object */;
}
