// !$*UTF8*$!
{
	archiveVersion = 1;
	classes = {
	};
	objectVersion = 46;
	objects = {

/* Begin PBXBuildFile section */
		85167A221AE2B2FA005B5474 /* AppDelegate.swift in Sources */ = {isa = PBXBuildFile; fileRef = 85167A211AE2B2FA005B5474 /* AppDelegate.swift */; };
		85167A241AE2B2FA005B5474 /* ViewController.swift in Sources */ = {isa = PBXBuildFile; fileRef = 85167A231AE2B2FA005B5474 /* ViewController.swift */; };
		85167A271AE2B2FA005B5474 /* Main.storyboard in Resources */ = {isa = PBXBuildFile; fileRef = 85167A251AE2B2FA005B5474 /* Main.storyboard */; };
		85167A291AE2B2FA005B5474 /* Images.xcassets in Resources */ = {isa = PBXBuildFile; fileRef = 85167A281AE2B2FA005B5474 /* Images.xcassets */; };
		85167A2C1AE2B2FA005B5474 /* LaunchScreen.xib in Resources */ = {isa = PBXBuildFile; fileRef = 85167A2A1AE2B2FA005B5474 /* LaunchScreen.xib */; };
		85167A381AE2B2FA005B5474 /* _9RedBalloonsTests.swift in Sources */ = {isa = PBXBuildFile; fileRef = 85167A371AE2B2FA005B5474 /* _9RedBalloonsTests.swift */; };
		85167A421AE2B585005B5474 /* Balloon.swift in Sources */ = {isa = PBXBuildFile; fileRef = 85167A411AE2B585005B5474 /* Balloon.swift */; };
		85167A481AE2B693005B5474 /* BerlinTVTower.jpg in Resources */ = {isa = PBXBuildFile; fileRef = 85167A431AE2B693005B5474 /* BerlinTVTower.jpg */; };
		85167A491AE2B693005B5474 /* RedBalloon1.jpg in Resources */ = {isa = PBXBuildFile; fileRef = 85167A441AE2B693005B5474 /* RedBalloon1.jpg */; };
		85167A4A1AE2B693005B5474 /* RedBalloon2.jpg in Resources */ = {isa = PBXBuildFile; fileRef = 85167A451AE2B693005B5474 /* RedBalloon2.jpg */; };
		85167A4B1AE2B693005B5474 /* RedBalloon3.jpg in Resources */ = {isa = PBXBuildFile; fileRef = 85167A461AE2B693005B5474 /* RedBalloon3.jpg */; };
		85167A4C1AE2B693005B5474 /* RedBalloon4.jpg in Resources */ = {isa = PBXBuildFile; fileRef = 85167A471AE2B693005B5474 /* RedBalloon4.jpg */; };
/* End PBXBuildFile section */

/* Begin PBXContainerItemProxy section */
		85167A321AE2B2FA005B5474 /* PBXContainerItemProxy */ = {
			isa = PBXContainerItemProxy;
			containerPortal = 85167A141AE2B2FA005B5474 /* Project object */;
			proxyType = 1;
			remoteGlobalIDString = 85167A1B1AE2B2FA005B5474;
			remoteInfo = 99RedBalloons;
		};
/* End PBXContainerItemProxy section */

/* Begin PBXFileReference section */
		85167A1C1AE2B2FA005B5474 /* 99RedBalloons.app */ = {isa = PBXFileReference; explicitFileType = wrapper.application; includeInIndex = 0; path = 99RedBalloons.app; sourceTree = BUILT_PRODUCTS_DIR; };
		85167A201AE2B2FA005B5474 /* Info.plist */ = {isa = PBXFileReference; lastKnownFileType = text.plist.xml; path = Info.plist; sourceTree = "<group>"; };
		85167A211AE2B2FA005B5474 /* AppDelegate.swift */ = {isa = PBXFileReference; lastKnownFileType = sourcecode.swift; path = AppDelegate.swift; sourceTree = "<group>"; };
		85167A231AE2B2FA005B5474 /* ViewController.swift */ = {isa = PBXFileReference; lastKnownFileType = sourcecode.swift; path = ViewController.swift; sourceTree = "<group>"; };
		85167A261AE2B2FA005B5474 /* Base */ = {isa = PBXFileReference; lastKnownFileType = file.storyboard; name = Base; path = Base.lproj/Main.storyboard; sourceTree = "<group>"; };
		85167A281AE2B2FA005B5474 /* Images.xcassets */ = {isa = PBXFileReference; lastKnownFileType = folder.assetcatalog; path = Images.xcassets; sourceTree = "<group>"; };
		85167A2B1AE2B2FA005B5474 /* Base */ = {isa = PBXFileReference; lastKnownFileType = file.xib; name = Base; path = Base.lproj/LaunchScreen.xib; sourceTree = "<group>"; };
		85167A311AE2B2FA005B5474 /* 99RedBalloonsTests.xctest */ = {isa = PBXFileReference; explicitFileType = wrapper.cfbundle; includeInIndex = 0; path = 99RedBalloonsTests.xctest; sourceTree = BUILT_PRODUCTS_DIR; };
		85167A361AE2B2FA005B5474 /* Info.plist */ = {isa = PBXFileReference; lastKnownFileType = text.plist.xml; path = Info.plist; sourceTree = "<group>"; };
		85167A371AE2B2FA005B5474 /* _9RedBalloonsTests.swift */ = {isa = PBXFileReference; lastKnownFileType = sourcecode.swift; path = _9RedBalloonsTests.swift; sourceTree = "<group>"; };
		85167A411AE2B585005B5474 /* Balloon.swift */ = {isa = PBXFileReference; fileEncoding = 4; lastKnownFileType = sourcecode.swift; path = Balloon.swift; sourceTree = "<group>"; };
		85167A431AE2B693005B5474 /* BerlinTVTower.jpg */ = {isa = PBXFileReference; lastKnownFileType = image.jpeg; path = BerlinTVTower.jpg; sourceTree = "<group>"; };
		85167A441AE2B693005B5474 /* RedBalloon1.jpg */ = {isa = PBXFileReference; lastKnownFileType = image.jpeg; path = RedBalloon1.jpg; sourceTree = "<group>"; };
		85167A451AE2B693005B5474 /* RedBalloon2.jpg */ = {isa = PBXFileReference; lastKnownFileType = image.jpeg; path = RedBalloon2.jpg; sourceTree = "<group>"; };
		85167A461AE2B693005B5474 /* RedBalloon3.jpg */ = {isa = PBXFileReference; lastKnownFileType = image.jpeg; path = RedBalloon3.jpg; sourceTree = "<group>"; };
		85167A471AE2B693005B5474 /* RedBalloon4.jpg */ = {isa = PBXFileReference; lastKnownFileType = image.jpeg; path = RedBalloon4.jpg; sourceTree = "<group>"; };
/* End PBXFileReference section */

/* Begin PBXFrameworksBuildPhase section */
		85167A191AE2B2FA005B5474 /* Frameworks */ = {
			isa = PBXFrameworksBuildPhase;
			buildActionMask = 2147483647;
			files = (
			);
			runOnlyForDeploymentPostprocessing = 0;
		};
		85167A2E1AE2B2FA005B5474 /* Frameworks */ = {
			isa = PBXFrameworksBuildPhase;
			buildActionMask = 2147483647;
			files = (
			);
			runOnlyForDeploymentPostprocessing = 0;
		};
/* End PBXFrameworksBuildPhase section */

/* Begin PBXGroup section */
		85167A131AE2B2FA005B5474 = {
			isa = PBXGroup;
			children = (
				85167A1E1AE2B2FA005B5474 /* 99RedBalloons */,
				85167A341AE2B2FA005B5474 /* 99RedBalloonsTests */,
				85167A1D1AE2B2FA005B5474 /* Products */,
			);
			sourceTree = "<group>";
		};
		85167A1D1AE2B2FA005B5474 /* Products */ = {
			isa = PBXGroup;
			children = (
				85167A1C1AE2B2FA005B5474 /* 99RedBalloons.app */,
				85167A311AE2B2FA005B5474 /* 99RedBalloonsTests.xctest */,
			);
			name = Products;
			sourceTree = "<group>";
		};
		85167A1E1AE2B2FA005B5474 /* 99RedBalloons */ = {
			isa = PBXGroup;
			children = (
				85167A211AE2B2FA005B5474 /* AppDelegate.swift */,
				85167A231AE2B2FA005B5474 /* ViewController.swift */,
				85167A411AE2B585005B5474 /* Balloon.swift */,
				85167A251AE2B2FA005B5474 /* Main.storyboard */,
				85167A281AE2B2FA005B5474 /* Images.xcassets */,
				85167A2A1AE2B2FA005B5474 /* LaunchScreen.xib */,
				85167A1F1AE2B2FA005B5474 /* Supporting Files */,
			);
			path = 99RedBalloons;
			sourceTree = "<group>";
		};
		85167A1F1AE2B2FA005B5474 /* Supporting Files */ = {
			isa = PBXGroup;
			children = (
				85167A431AE2B693005B5474 /* BerlinTVTower.jpg */,
				85167A441AE2B693005B5474 /* RedBalloon1.jpg */,
				85167A451AE2B693005B5474 /* RedBalloon2.jpg */,
				85167A461AE2B693005B5474 /* RedBalloon3.jpg */,
				85167A471AE2B693005B5474 /* RedBalloon4.jpg */,
				85167A201AE2B2FA005B5474 /* Info.plist */,
			);
			name = "Supporting Files";
			sourceTree = "<group>";
		};
		85167A341AE2B2FA005B5474 /* 99RedBalloonsTests */ = {
			isa = PBXGroup;
			children = (
				85167A371AE2B2FA005B5474 /* _9RedBalloonsTests.swift */,
				85167A351AE2B2FA005B5474 /* Supporting Files */,
			);
			path = 99RedBalloonsTests;
			sourceTree = "<group>";
		};
		85167A351AE2B2FA005B5474 /* Supporting Files */ = {
			isa = PBXGroup;
			children = (
				85167A361AE2B2FA005B5474 /* Info.plist */,
			);
			name = "Supporting Files";
			sourceTree = "<group>";
		};
/* End PBXGroup section */

/* Begin PBXNativeTarget section */
		85167A1B1AE2B2FA005B5474 /* 99RedBalloons */ = {
			isa = PBXNativeTarget;
			buildConfigurationList = 85167A3B1AE2B2FA005B5474 /* Build configuration list for PBXNativeTarget "99RedBalloons" */;
			buildPhases = (
				85167A181AE2B2FA005B5474 /* Sources */,
				85167A191AE2B2FA005B5474 /* Frameworks */,
				85167A1A1AE2B2FA005B5474 /* Resources */,
			);
			buildRules = (
			);
			dependencies = (
			);
			name = 99RedBalloons;
			productName = 99RedBalloons;
			productReference = 85167A1C1AE2B2FA005B5474 /* 99RedBalloons.app */;
			productType = "com.apple.product-type.application";
		};
		85167A301AE2B2FA005B5474 /* 99RedBalloonsTests */ = {
			isa = PBXNativeTarget;
			buildConfigurationList = 85167A3E1AE2B2FA005B5474 /* Build configuration list for PBXNativeTarget "99RedBalloonsTests" */;
			buildPhases = (
				85167A2D1AE2B2FA005B5474 /* Sources */,
				85167A2E1AE2B2FA005B5474 /* Frameworks */,
				85167A2F1AE2B2FA005B5474 /* Resources */,
			);
			buildRules = (
			);
			dependencies = (
				85167A331AE2B2FA005B5474 /* PBXTargetDependency */,
			);
			name = 99RedBalloonsTests;
			productName = 99RedBalloonsTests;
			productReference = 85167A311AE2B2FA005B5474 /* 99RedBalloonsTests.xctest */;
			productType = "com.apple.product-type.bundle.unit-test";
		};
/* End PBXNativeTarget section */

/* Begin PBXProject section */
		85167A141AE2B2FA005B5474 /* Project object */ = {
			isa = PBXProject;
			attributes = {
				LastUpgradeCheck = 0630;
				ORGANIZATIONNAME = chicovg;
				TargetAttributes = {
					85167A1B1AE2B2FA005B5474 = {
						CreatedOnToolsVersion = 6.3;
					};
					85167A301AE2B2FA005B5474 = {
						CreatedOnToolsVersion = 6.3;
						TestTargetID = 85167A1B1AE2B2FA005B5474;
					};
				};
			};
			buildConfigurationList = 85167A171AE2B2FA005B5474 /* Build configuration list for PBXProject "99RedBalloons" */;
			compatibilityVersion = "Xcode 3.2";
			developmentRegion = English;
			hasScannedForEncodings = 0;
			knownRegions = (
				en,
				Base,
			);
			mainGroup = 85167A131AE2B2FA005B5474;
			productRefGroup = 85167A1D1AE2B2FA005B5474 /* Products */;
			projectDirPath = "";
			projectRoot = "";
			targets = (
				85167A1B1AE2B2FA005B5474 /* 99RedBalloons */,
				85167A301AE2B2FA005B5474 /* 99RedBalloonsTests */,
			);
		};
/* End PBXProject section */

/* Begin PBXResourcesBuildPhase section */
		85167A1A1AE2B2FA005B5474 /* Resources */ = {
			isa = PBXResourcesBuildPhase;
			buildActionMask = 2147483647;
			files = (
				85167A4A1AE2B693005B5474 /* RedBalloon2.jpg in Resources */,
				85167A271AE2B2FA005B5474 /* Main.storyboard in Resources */,
				85167A4B1AE2B693005B5474 /* RedBalloon3.jpg in Resources */,
				85167A2C1AE2B2FA005B5474 /* LaunchScreen.xib in Resources */,
				85167A4C1AE2B693005B5474 /* RedBalloon4.jpg in Resources */,
				85167A291AE2B2FA005B5474 /* Images.xcassets in Resources */,
				85167A491AE2B693005B5474 /* RedBalloon1.jpg in Resources */,
				85167A481AE2B693005B5474 /* BerlinTVTower.jpg in Resources */,
			);
			runOnlyForDeploymentPostprocessing = 0;
		};
		85167A2F1AE2B2FA005B5474 /* Resources */ = {
			isa = PBXResourcesBuildPhase;
			buildActionMask = 2147483647;
			files = (
			);
			runOnlyForDeploymentPostprocessing = 0;
		};
/* End PBXResourcesBuildPhase section */

/* Begin PBXSourcesBuildPhase section */
		85167A181AE2B2FA005B5474 /* Sources */ = {
			isa = PBXSourcesBuildPhase;
			buildActionMask = 2147483647;
			files = (
				85167A241AE2B2FA005B5474 /* ViewController.swift in Sources */,
				85167A421AE2B585005B5474 /* Balloon.swift in Sources */,
				85167A221AE2B2FA005B5474 /* AppDelegate.swift in Sources */,
			);
			runOnlyForDeploymentPostprocessing = 0;
		};
		85167A2D1AE2B2FA005B5474 /* Sources */ = {
			isa = PBXSourcesBuildPhase;
			buildActionMask = 2147483647;
			files = (
				85167A381AE2B2FA005B5474 /* _9RedBalloonsTests.swift in Sources */,
			);
			runOnlyForDeploymentPostprocessing = 0;
		};
/* End PBXSourcesBuildPhase section */

/* Begin PBXTargetDependency section */
		85167A331AE2B2FA005B5474 /* PBXTargetDependency */ = {
			isa = PBXTargetDependency;
			target = 85167A1B1AE2B2FA005B5474 /* 99RedBalloons */;
			targetProxy = 85167A321AE2B2FA005B5474 /* PBXContainerItemProxy */;
		};
/* End PBXTargetDependency section */

/* Begin PBXVariantGroup section */
		85167A251AE2B2FA005B5474 /* Main.storyboard */ = {
			isa = PBXVariantGroup;
			children = (
				85167A261AE2B2FA005B5474 /* Base */,
			);
			name = Main.storyboard;
			sourceTree = "<group>";
		};
		85167A2A1AE2B2FA005B5474 /* LaunchScreen.xib */ = {
			isa = PBXVariantGroup;
			children = (
				85167A2B1AE2B2FA005B5474 /* Base */,
			);
			name = LaunchScreen.xib;
			sourceTree = "<group>";
		};
/* End PBXVariantGroup section */

/* Begin XCBuildConfiguration section */
		85167A391AE2B2FA005B5474 /* Debug */ = {
			isa = XCBuildConfiguration;
			buildSettings = {
				ALWAYS_SEARCH_USER_PATHS = NO;
				CLANG_CXX_LANGUAGE_STANDARD = "gnu++0x";
				CLANG_CXX_LIBRARY = "libc++";
				CLANG_ENABLE_MODULES = YES;
				CLANG_ENABLE_OBJC_ARC = YES;
				CLANG_WARN_BOOL_CONVERSION = YES;
				CLANG_WARN_CONSTANT_CONVERSION = YES;
				CLANG_WARN_DIRECT_OBJC_ISA_USAGE = YES_ERROR;
				CLANG_WARN_EMPTY_BODY = YES;
				CLANG_WARN_ENUM_CONVERSION = YES;
				CLANG_WARN_INT_CONVERSION = YES;
				CLANG_WARN_OBJC_ROOT_CLASS = YES_ERROR;
				CLANG_WARN_UNREACHABLE_CODE = YES;
				CLANG_WARN__DUPLICATE_METHOD_MATCH = YES;
				"CODE_SIGN_IDENTITY[sdk=iphoneos*]" = "iPhone Developer";
				COPY_PHASE_STRIP = NO;
				DEBUG_INFORMATION_FORMAT = "dwarf-with-dsym";
				ENABLE_STRICT_OBJC_MSGSEND = YES;
				GCC_C_LANGUAGE_STANDARD = gnu99;
				GCC_DYNAMIC_NO_PIC = NO;
				GCC_NO_COMMON_BLOCKS = YES;
				GCC_OPTIMIZATION_LEVEL = 0;
				GCC_PREPROCESSOR_DEFINITIONS = (
					"DEBUG=1",
					"$(inherited)",
				);
				GCC_SYMBOLS_PRIVATE_EXTERN = NO;
				GCC_WARN_64_TO_32_BIT_CONVERSION = YES;
				GCC_WARN_ABOUT_RETURN_TYPE = YES_ERROR;
				GCC_WARN_UNDECLARED_SELECTOR = YES;
				GCC_WARN_UNINITIALIZED_AUTOS = YES_AGGRESSIVE;
				GCC_WARN_UNUSED_FUNCTION = YES;
				GCC_WARN_UNUSED_VARIABLE = YES;
				IPHONEOS_DEPLOYMENT_TARGET = 8.3;
				MTL_ENABLE_DEBUG_INFO = YES;
				ONLY_ACTIVE_ARCH = YES;
				SDKROOT = iphoneos;
				SWIFT_OPTIMIZATION_LEVEL = "-Onone";
				TARGETED_DEVICE_FAMILY = "1,2";
			};
			name = Debug;
		};
		85167A3A1AE2B2FA005B5474 /* Release */ = {
			isa = XCBuildConfiguration;
			buildSettings = {
				ALWAYS_SEARCH_USER_PATHS = NO;
				CLANG_CXX_LANGUAGE_STANDARD = "gnu++0x";
				CLANG_CXX_LIBRARY = "libc++";
				CLANG_ENABLE_MODULES = YES;
				CLANG_ENABLE_OBJC_ARC = YES;
				CLANG_WARN_BOOL_CONVERSION = YES;
				CLANG_WARN_CONSTANT_CONVERSION = YES;
				CLANG_WARN_DIRECT_OBJC_ISA_USAGE = YES_ERROR;
				CLANG_WARN_EMPTY_BODY = YES;
				CLANG_WARN_ENUM_CONVERSION = YES;
				CLANG_WARN_INT_CONVERSION = YES;
				CLANG_WARN_OBJC_ROOT_CLASS = YES_ERROR;
				CLANG_WARN_UNREACHABLE_CODE = YES;
				CLANG_WARN__DUPLICATE_METHOD_MATCH = YES;
				"CODE_SIGN_IDENTITY[sdk=iphoneos*]" = "iPhone Developer";
				COPY_PHASE_STRIP = NO;
				DEBUG_INFORMATION_FORMAT = "dwarf-with-dsym";
				ENABLE_NS_ASSERTIONS = NO;
				ENABLE_STRICT_OBJC_MSGSEND = YES;
				GCC_C_LANGUAGE_STANDARD = gnu99;
				GCC_NO_COMMON_BLOCKS = YES;
				GCC_WARN_64_TO_32_BIT_CONVERSION = YES;
				GCC_WARN_ABOUT_RETURN_TYPE = YES_ERROR;
				GCC_WARN_UNDECLARED_SELECTOR = YES;
				GCC_WARN_UNINITIALIZED_AUTOS = YES_AGGRESSIVE;
				GCC_WARN_UNUSED_FUNCTION = YES;
				GCC_WARN_UNUSED_VARIABLE = YES;
				IPHONEOS_DEPLOYMENT_TARGET = 8.3;
				MTL_ENABLE_DEBUG_INFO = NO;
				SDKROOT = iphoneos;
				TARGETED_DEVICE_FAMILY = "1,2";
				VALIDATE_PRODUCT = YES;
			};
			name = Release;
		};
		85167A3C1AE2B2FA005B5474 /* Debug */ = {
			isa = XCBuildConfiguration;
			buildSettings = {
				ASSETCATALOG_COMPILER_APPICON_NAME = AppIcon;
				INFOPLIST_FILE = 99RedBalloons/Info.plist;
				LD_RUNPATH_SEARCH_PATHS = "$(inherited) @executable_path/Frameworks";
				PRODUCT_NAME = "$(TARGET_NAME)";
			};
			name = Debug;
		};
		85167A3D1AE2B2FA005B5474 /* Release */ = {
			isa = XCBuildConfiguration;
			buildSettings = {
				ASSETCATALOG_COMPILER_APPICON_NAME = AppIcon;
				INFOPLIST_FILE = 99RedBalloons/Info.plist;
				LD_RUNPATH_SEARCH_PATHS = "$(inherited) @executable_path/Frameworks";
				PRODUCT_NAME = "$(TARGET_NAME)";
			};
			name = Release;
		};
		85167A3F1AE2B2FA005B5474 /* Debug */ = {
			isa = XCBuildConfiguration;
			buildSettings = {
				BUNDLE_LOADER = "$(TEST_HOST)";
				FRAMEWORK_SEARCH_PATHS = (
					"$(SDKROOT)/Developer/Library/Frameworks",
					"$(inherited)",
				);
				GCC_PREPROCESSOR_DEFINITIONS = (
					"DEBUG=1",
					"$(inherited)",
				);
				INFOPLIST_FILE = 99RedBalloonsTests/Info.plist;
				LD_RUNPATH_SEARCH_PATHS = "$(inherited) @executable_path/Frameworks @loader_path/Frameworks";
				PRODUCT_NAME = "$(TARGET_NAME)";
				TEST_HOST = "$(BUILT_PRODUCTS_DIR)/99RedBalloons.app/99RedBalloons";
			};
			name = Debug;
		};
		85167A401AE2B2FA005B5474 /* Release */ = {
			isa = XCBuildConfiguration;
			buildSettings = {
				BUNDLE_LOADER = "$(TEST_HOST)";
				FRAMEWORK_SEARCH_PATHS = (
					"$(SDKROOT)/Developer/Library/Frameworks",
					"$(inherited)",
				);
				INFOPLIST_FILE = 99RedBalloonsTests/Info.plist;
				LD_RUNPATH_SEARCH_PATHS = "$(inherited) @executable_path/Frameworks @loader_path/Frameworks";
				PRODUCT_NAME = "$(TARGET_NAME)";
				TEST_HOST = "$(BUILT_PRODUCTS_DIR)/99RedBalloons.app/99RedBalloons";
			};
			name = Release;
		};
/* End XCBuildConfiguration section */

/* Begin XCConfigurationList section */
		85167A171AE2B2FA005B5474 /* Build configuration list for PBXProject "99RedBalloons" */ = {
			isa = XCConfigurationList;
			buildConfigurations = (
				85167A391AE2B2FA005B5474 /* Debug */,
				85167A3A1AE2B2FA005B5474 /* Release */,
			);
			defaultConfigurationIsVisible = 0;
			defaultConfigurationName = Release;
		};
		85167A3B1AE2B2FA005B5474 /* Build configuration list for PBXNativeTarget "99RedBalloons" */ = {
			isa = XCConfigurationList;
			buildConfigurations = (
				85167A3C1AE2B2FA005B5474 /* Debug */,
				85167A3D1AE2B2FA005B5474 /* Release */,
			);
			defaultConfigurationIsVisible = 0;
		};
		85167A3E1AE2B2FA005B5474 /* Build configuration list for PBXNativeTarget "99RedBalloonsTests" */ = {
			isa = XCConfigurationList;
			buildConfigurations = (
				85167A3F1AE2B2FA005B5474 /* Debug */,
				85167A401AE2B2FA005B5474 /* Release */,
			);
			defaultConfigurationIsVisible = 0;
		};
/* End XCConfigurationList section */
	};
	rootObject = 85167A141AE2B2FA005B5474 /* Project object */;
}
