// !$*UTF8*$!
{
	archiveVersion = 1;
	classes = {
	};
	objectVersion = 46;
	objects = {

/* Begin PBXBuildFile section */
		853A92201B3975D900A3B496 /* AppDelegate.swift in Sources */ = {isa = PBXBuildFile; fileRef = 853A921F1B3975D900A3B496 /* AppDelegate.swift */; };
		853A92221B3975D900A3B496 /* ViewController.swift in Sources */ = {isa = PBXBuildFile; fileRef = 853A92211B3975D900A3B496 /* ViewController.swift */; };
		853A92251B3975D900A3B496 /* Main.storyboard in Resources */ = {isa = PBXBuildFile; fileRef = 853A92231B3975D900A3B496 /* Main.storyboard */; };
		853A92271B3975D900A3B496 /* Images.xcassets in Resources */ = {isa = PBXBuildFile; fileRef = 853A92261B3975D900A3B496 /* Images.xcassets */; };
		853A922A1B3975D900A3B496 /* LaunchScreen.xib in Resources */ = {isa = PBXBuildFile; fileRef = 853A92281B3975D900A3B496 /* LaunchScreen.xib */; };
		853A92361B3975D900A3B496 /* FirstAutoLayoutTests.swift in Sources */ = {isa = PBXBuildFile; fileRef = 853A92351B3975D900A3B496 /* FirstAutoLayoutTests.swift */; };
/* End PBXBuildFile section */

/* Begin PBXContainerItemProxy section */
		853A92301B3975D900A3B496 /* PBXContainerItemProxy */ = {
			isa = PBXContainerItemProxy;
			containerPortal = 853A92121B3975D800A3B496 /* Project object */;
			proxyType = 1;
			remoteGlobalIDString = 853A92191B3975D800A3B496;
			remoteInfo = FirstAutoLayout;
		};
/* End PBXContainerItemProxy section */

/* Begin PBXFileReference section */
		853A921A1B3975D800A3B496 /* FirstAutoLayout.app */ = {isa = PBXFileReference; explicitFileType = wrapper.application; includeInIndex = 0; path = FirstAutoLayout.app; sourceTree = BUILT_PRODUCTS_DIR; };
		853A921E1B3975D800A3B496 /* Info.plist */ = {isa = PBXFileReference; lastKnownFileType = text.plist.xml; path = Info.plist; sourceTree = "<group>"; };
		853A921F1B3975D900A3B496 /* AppDelegate.swift */ = {isa = PBXFileReference; lastKnownFileType = sourcecode.swift; path = AppDelegate.swift; sourceTree = "<group>"; };
		853A92211B3975D900A3B496 /* ViewController.swift */ = {isa = PBXFileReference; lastKnownFileType = sourcecode.swift; path = ViewController.swift; sourceTree = "<group>"; };
		853A92241B3975D900A3B496 /* Base */ = {isa = PBXFileReference; lastKnownFileType = file.storyboard; name = Base; path = Base.lproj/Main.storyboard; sourceTree = "<group>"; };
		853A92261B3975D900A3B496 /* Images.xcassets */ = {isa = PBXFileReference; lastKnownFileType = folder.assetcatalog; path = Images.xcassets; sourceTree = "<group>"; };
		853A92291B3975D900A3B496 /* Base */ = {isa = PBXFileReference; lastKnownFileType = file.xib; name = Base; path = Base.lproj/LaunchScreen.xib; sourceTree = "<group>"; };
		853A922F1B3975D900A3B496 /* FirstAutoLayoutTests.xctest */ = {isa = PBXFileReference; explicitFileType = wrapper.cfbundle; includeInIndex = 0; path = FirstAutoLayoutTests.xctest; sourceTree = BUILT_PRODUCTS_DIR; };
		853A92341B3975D900A3B496 /* Info.plist */ = {isa = PBXFileReference; lastKnownFileType = text.plist.xml; path = Info.plist; sourceTree = "<group>"; };
		853A92351B3975D900A3B496 /* FirstAutoLayoutTests.swift */ = {isa = PBXFileReference; lastKnownFileType = sourcecode.swift; path = FirstAutoLayoutTests.swift; sourceTree = "<group>"; };
/* End PBXFileReference section */

/* Begin PBXFrameworksBuildPhase section */
		853A92171B3975D800A3B496 /* Frameworks */ = {
			isa = PBXFrameworksBuildPhase;
			buildActionMask = 2147483647;
			files = (
			);
			runOnlyForDeploymentPostprocessing = 0;
		};
		853A922C1B3975D900A3B496 /* Frameworks */ = {
			isa = PBXFrameworksBuildPhase;
			buildActionMask = 2147483647;
			files = (
			);
			runOnlyForDeploymentPostprocessing = 0;
		};
/* End PBXFrameworksBuildPhase section */

/* Begin PBXGroup section */
		853A92111B3975D800A3B496 = {
			isa = PBXGroup;
			children = (
				853A921C1B3975D800A3B496 /* FirstAutoLayout */,
				853A92321B3975D900A3B496 /* FirstAutoLayoutTests */,
				853A921B1B3975D800A3B496 /* Products */,
			);
			sourceTree = "<group>";
		};
		853A921B1B3975D800A3B496 /* Products */ = {
			isa = PBXGroup;
			children = (
				853A921A1B3975D800A3B496 /* FirstAutoLayout.app */,
				853A922F1B3975D900A3B496 /* FirstAutoLayoutTests.xctest */,
			);
			name = Products;
			sourceTree = "<group>";
		};
		853A921C1B3975D800A3B496 /* FirstAutoLayout */ = {
			isa = PBXGroup;
			children = (
				853A921F1B3975D900A3B496 /* AppDelegate.swift */,
				853A92211B3975D900A3B496 /* ViewController.swift */,
				853A92231B3975D900A3B496 /* Main.storyboard */,
				853A92261B3975D900A3B496 /* Images.xcassets */,
				853A92281B3975D900A3B496 /* LaunchScreen.xib */,
				853A921D1B3975D800A3B496 /* Supporting Files */,
			);
			path = FirstAutoLayout;
			sourceTree = "<group>";
		};
		853A921D1B3975D800A3B496 /* Supporting Files */ = {
			isa = PBXGroup;
			children = (
				853A921E1B3975D800A3B496 /* Info.plist */,
			);
			name = "Supporting Files";
			sourceTree = "<group>";
		};
		853A92321B3975D900A3B496 /* FirstAutoLayoutTests */ = {
			isa = PBXGroup;
			children = (
				853A92351B3975D900A3B496 /* FirstAutoLayoutTests.swift */,
				853A92331B3975D900A3B496 /* Supporting Files */,
			);
			path = FirstAutoLayoutTests;
			sourceTree = "<group>";
		};
		853A92331B3975D900A3B496 /* Supporting Files */ = {
			isa = PBXGroup;
			children = (
				853A92341B3975D900A3B496 /* Info.plist */,
			);
			name = "Supporting Files";
			sourceTree = "<group>";
		};
/* End PBXGroup section */

/* Begin PBXNativeTarget section */
		853A92191B3975D800A3B496 /* FirstAutoLayout */ = {
			isa = PBXNativeTarget;
			buildConfigurationList = 853A92391B3975D900A3B496 /* Build configuration list for PBXNativeTarget "FirstAutoLayout" */;
			buildPhases = (
				853A92161B3975D800A3B496 /* Sources */,
				853A92171B3975D800A3B496 /* Frameworks */,
				853A92181B3975D800A3B496 /* Resources */,
			);
			buildRules = (
			);
			dependencies = (
			);
			name = FirstAutoLayout;
			productName = FirstAutoLayout;
			productReference = 853A921A1B3975D800A3B496 /* FirstAutoLayout.app */;
			productType = "com.apple.product-type.application";
		};
		853A922E1B3975D900A3B496 /* FirstAutoLayoutTests */ = {
			isa = PBXNativeTarget;
			buildConfigurationList = 853A923C1B3975D900A3B496 /* Build configuration list for PBXNativeTarget "FirstAutoLayoutTests" */;
			buildPhases = (
				853A922B1B3975D900A3B496 /* Sources */,
				853A922C1B3975D900A3B496 /* Frameworks */,
				853A922D1B3975D900A3B496 /* Resources */,
			);
			buildRules = (
			);
			dependencies = (
				853A92311B3975D900A3B496 /* PBXTargetDependency */,
			);
			name = FirstAutoLayoutTests;
			productName = FirstAutoLayoutTests;
			productReference = 853A922F1B3975D900A3B496 /* FirstAutoLayoutTests.xctest */;
			productType = "com.apple.product-type.bundle.unit-test";
		};
/* End PBXNativeTarget section */

/* Begin PBXProject section */
		853A92121B3975D800A3B496 /* Project object */ = {
			isa = PBXProject;
			attributes = {
				LastUpgradeCheck = 0630;
				ORGANIZATIONNAME = chicovg;
				TargetAttributes = {
					853A92191B3975D800A3B496 = {
						CreatedOnToolsVersion = 6.3.2;
					};
					853A922E1B3975D900A3B496 = {
						CreatedOnToolsVersion = 6.3.2;
						TestTargetID = 853A92191B3975D800A3B496;
					};
				};
			};
			buildConfigurationList = 853A92151B3975D800A3B496 /* Build configuration list for PBXProject "FirstAutoLayout" */;
			compatibilityVersion = "Xcode 3.2";
			developmentRegion = English;
			hasScannedForEncodings = 0;
			knownRegions = (
				en,
				Base,
			);
			mainGroup = 853A92111B3975D800A3B496;
			productRefGroup = 853A921B1B3975D800A3B496 /* Products */;
			projectDirPath = "";
			projectRoot = "";
			targets = (
				853A92191B3975D800A3B496 /* FirstAutoLayout */,
				853A922E1B3975D900A3B496 /* FirstAutoLayoutTests */,
			);
		};
/* End PBXProject section */

/* Begin PBXResourcesBuildPhase section */
		853A92181B3975D800A3B496 /* Resources */ = {
			isa = PBXResourcesBuildPhase;
			buildActionMask = 2147483647;
			files = (
				853A92251B3975D900A3B496 /* Main.storyboard in Resources */,
				853A922A1B3975D900A3B496 /* LaunchScreen.xib in Resources */,
				853A92271B3975D900A3B496 /* Images.xcassets in Resources */,
			);
			runOnlyForDeploymentPostprocessing = 0;
		};
		853A922D1B3975D900A3B496 /* Resources */ = {
			isa = PBXResourcesBuildPhase;
			buildActionMask = 2147483647;
			files = (
			);
			runOnlyForDeploymentPostprocessing = 0;
		};
/* End PBXResourcesBuildPhase section */

/* Begin PBXSourcesBuildPhase section */
		853A92161B3975D800A3B496 /* Sources */ = {
			isa = PBXSourcesBuildPhase;
			buildActionMask = 2147483647;
			files = (
				853A92221B3975D900A3B496 /* ViewController.swift in Sources */,
				853A92201B3975D900A3B496 /* AppDelegate.swift in Sources */,
			);
			runOnlyForDeploymentPostprocessing = 0;
		};
		853A922B1B3975D900A3B496 /* Sources */ = {
			isa = PBXSourcesBuildPhase;
			buildActionMask = 2147483647;
			files = (
				853A92361B3975D900A3B496 /* FirstAutoLayoutTests.swift in Sources */,
			);
			runOnlyForDeploymentPostprocessing = 0;
		};
/* End PBXSourcesBuildPhase section */

/* Begin PBXTargetDependency section */
		853A92311B3975D900A3B496 /* PBXTargetDependency */ = {
			isa = PBXTargetDependency;
			target = 853A92191B3975D800A3B496 /* FirstAutoLayout */;
			targetProxy = 853A92301B3975D900A3B496 /* PBXContainerItemProxy */;
		};
/* End PBXTargetDependency section */

/* Begin PBXVariantGroup section */
		853A92231B3975D900A3B496 /* Main.storyboard */ = {
			isa = PBXVariantGroup;
			children = (
				853A92241B3975D900A3B496 /* Base */,
			);
			name = Main.storyboard;
			sourceTree = "<group>";
		};
		853A92281B3975D900A3B496 /* LaunchScreen.xib */ = {
			isa = PBXVariantGroup;
			children = (
				853A92291B3975D900A3B496 /* Base */,
			);
			name = LaunchScreen.xib;
			sourceTree = "<group>";
		};
/* End PBXVariantGroup section */

/* Begin XCBuildConfiguration section */
		853A92371B3975D900A3B496 /* Debug */ = {
			isa = XCBuildConfiguration;
			buildSettings = {
				ALWAYS_SEARCH_USER_PATHS = NO;
				CLANG_CXX_LANGUAGE_STANDARD = "gnu++0x";
				CLANG_CXX_LIBRARY = "libc++";
				CLANG_ENABLE_MODULES = YES;
				CLANG_ENABLE_OBJC_ARC = YES;
				CLANG_WARN_BOOL_CONVERSION = YES;
				CLANG_WARN_CONSTANT_CONVERSION = YES;
				CLANG_WARN_DIRECT_OBJC_ISA_USAGE = YES_ERROR;
				CLANG_WARN_EMPTY_BODY = YES;
				CLANG_WARN_ENUM_CONVERSION = YES;
				CLANG_WARN_INT_CONVERSION = YES;
				CLANG_WARN_OBJC_ROOT_CLASS = YES_ERROR;
				CLANG_WARN_UNREACHABLE_CODE = YES;
				CLANG_WARN__DUPLICATE_METHOD_MATCH = YES;
				"CODE_SIGN_IDENTITY[sdk=iphoneos*]" = "iPhone Developer";
				COPY_PHASE_STRIP = NO;
				DEBUG_INFORMATION_FORMAT = "dwarf-with-dsym";
				ENABLE_STRICT_OBJC_MSGSEND = YES;
				GCC_C_LANGUAGE_STANDARD = gnu99;
				GCC_DYNAMIC_NO_PIC = NO;
				GCC_NO_COMMON_BLOCKS = YES;
				GCC_OPTIMIZATION_LEVEL = 0;
				GCC_PREPROCESSOR_DEFINITIONS = (
					"DEBUG=1",
					"$(inherited)",
				);
				GCC_SYMBOLS_PRIVATE_EXTERN = NO;
				GCC_WARN_64_TO_32_BIT_CONVERSION = YES;
				GCC_WARN_ABOUT_RETURN_TYPE = YES_ERROR;
				GCC_WARN_UNDECLARED_SELECTOR = YES;
				GCC_WARN_UNINITIALIZED_AUTOS = YES_AGGRESSIVE;
				GCC_WARN_UNUSED_FUNCTION = YES;
				GCC_WARN_UNUSED_VARIABLE = YES;
				IPHONEOS_DEPLOYMENT_TARGET = 8.3;
				MTL_ENABLE_DEBUG_INFO = YES;
				ONLY_ACTIVE_ARCH = YES;
				SDKROOT = iphoneos;
				SWIFT_OPTIMIZATION_LEVEL = "-Onone";
				TARGETED_DEVICE_FAMILY = "1,2";
			};
			name = Debug;
		};
		853A92381B3975D900A3B496 /* Release */ = {
			isa = XCBuildConfiguration;
			buildSettings = {
				ALWAYS_SEARCH_USER_PATHS = NO;
				CLANG_CXX_LANGUAGE_STANDARD = "gnu++0x";
				CLANG_CXX_LIBRARY = "libc++";
				CLANG_ENABLE_MODULES = YES;
				CLANG_ENABLE_OBJC_ARC = YES;
				CLANG_WARN_BOOL_CONVERSION = YES;
				CLANG_WARN_CONSTANT_CONVERSION = YES;
				CLANG_WARN_DIRECT_OBJC_ISA_USAGE = YES_ERROR;
				CLANG_WARN_EMPTY_BODY = YES;
				CLANG_WARN_ENUM_CONVERSION = YES;
				CLANG_WARN_INT_CONVERSION = YES;
				CLANG_WARN_OBJC_ROOT_CLASS = YES_ERROR;
				CLANG_WARN_UNREACHABLE_CODE = YES;
				CLANG_WARN__DUPLICATE_METHOD_MATCH = YES;
				"CODE_SIGN_IDENTITY[sdk=iphoneos*]" = "iPhone Developer";
				COPY_PHASE_STRIP = NO;
				DEBUG_INFORMATION_FORMAT = "dwarf-with-dsym";
				ENABLE_NS_ASSERTIONS = NO;
				ENABLE_STRICT_OBJC_MSGSEND = YES;
				GCC_C_LANGUAGE_STANDARD = gnu99;
				GCC_NO_COMMON_BLOCKS = YES;
				GCC_WARN_64_TO_32_BIT_CONVERSION = YES;
				GCC_WARN_ABOUT_RETURN_TYPE = YES_ERROR;
				GCC_WARN_UNDECLARED_SELECTOR = YES;
				GCC_WARN_UNINITIALIZED_AUTOS = YES_AGGRESSIVE;
				GCC_WARN_UNUSED_FUNCTION = YES;
				GCC_WARN_UNUSED_VARIABLE = YES;
				IPHONEOS_DEPLOYMENT_TARGET = 8.3;
				MTL_ENABLE_DEBUG_INFO = NO;
				SDKROOT = iphoneos;
				TARGETED_DEVICE_FAMILY = "1,2";
				VALIDATE_PRODUCT = YES;
			};
			name = Release;
		};
		853A923A1B3975D900A3B496 /* Debug */ = {
			isa = XCBuildConfiguration;
			buildSettings = {
				ASSETCATALOG_COMPILER_APPICON_NAME = AppIcon;
				INFOPLIST_FILE = FirstAutoLayout/Info.plist;
				LD_RUNPATH_SEARCH_PATHS = "$(inherited) @executable_path/Frameworks";
				PRODUCT_NAME = "$(TARGET_NAME)";
			};
			name = Debug;
		};
		853A923B1B3975D900A3B496 /* Release */ = {
			isa = XCBuildConfiguration;
			buildSettings = {
				ASSETCATALOG_COMPILER_APPICON_NAME = AppIcon;
				INFOPLIST_FILE = FirstAutoLayout/Info.plist;
				LD_RUNPATH_SEARCH_PATHS = "$(inherited) @executable_path/Frameworks";
				PRODUCT_NAME = "$(TARGET_NAME)";
			};
			name = Release;
		};
		853A923D1B3975D900A3B496 /* Debug */ = {
			isa = XCBuildConfiguration;
			buildSettings = {
				BUNDLE_LOADER = "$(TEST_HOST)";
				FRAMEWORK_SEARCH_PATHS = (
					"$(SDKROOT)/Developer/Library/Frameworks",
					"$(inherited)",
				);
				GCC_PREPROCESSOR_DEFINITIONS = (
					"DEBUG=1",
					"$(inherited)",
				);
				INFOPLIST_FILE = FirstAutoLayoutTests/Info.plist;
				LD_RUNPATH_SEARCH_PATHS = "$(inherited) @executable_path/Frameworks @loader_path/Frameworks";
				PRODUCT_NAME = "$(TARGET_NAME)";
				TEST_HOST = "$(BUILT_PRODUCTS_DIR)/FirstAutoLayout.app/FirstAutoLayout";
			};
			name = Debug;
		};
		853A923E1B3975D900A3B496 /* Release */ = {
			isa = XCBuildConfiguration;
			buildSettings = {
				BUNDLE_LOADER = "$(TEST_HOST)";
				FRAMEWORK_SEARCH_PATHS = (
					"$(SDKROOT)/Developer/Library/Frameworks",
					"$(inherited)",
				);
				INFOPLIST_FILE = FirstAutoLayoutTests/Info.plist;
				LD_RUNPATH_SEARCH_PATHS = "$(inherited) @executable_path/Frameworks @loader_path/Frameworks";
				PRODUCT_NAME = "$(TARGET_NAME)";
				TEST_HOST = "$(BUILT_PRODUCTS_DIR)/FirstAutoLayout.app/FirstAutoLayout";
			};
			name = Release;
		};
/* End XCBuildConfiguration section */

/* Begin XCConfigurationList section */
		853A92151B3975D800A3B496 /* Build configuration list for PBXProject "FirstAutoLayout" */ = {
			isa = XCConfigurationList;
			buildConfigurations = (
				853A92371B3975D900A3B496 /* Debug */,
				853A92381B3975D900A3B496 /* Release */,
			);
			defaultConfigurationIsVisible = 0;
			defaultConfigurationName = Release;
		};
		853A92391B3975D900A3B496 /* Build configuration list for PBXNativeTarget "FirstAutoLayout" */ = {
			isa = XCConfigurationList;
			buildConfigurations = (
				853A923A1B3975D900A3B496 /* Debug */,
				853A923B1B3975D900A3B496 /* Release */,
			);
			defaultConfigurationIsVisible = 0;
		};
		853A923C1B3975D900A3B496 /* Build configuration list for PBXNativeTarget "FirstAutoLayoutTests" */ = {
			isa = XCConfigurationList;
			buildConfigurations = (
				853A923D1B3975D900A3B496 /* Debug */,
				853A923E1B3975D900A3B496 /* Release */,
			);
			defaultConfigurationIsVisible = 0;
		};
/* End XCConfigurationList section */
	};
	rootObject = 853A92121B3975D800A3B496 /* Project object */;
}
