// !$*UTF8*$!
{
	archiveVersion = 1;
	classes = {
	};
	objectVersion = 46;
	objects = {

/* Begin PBXBuildFile section */
		85878E261A2E2D3900056E26 /* SagradaFamilia.jpeg in Resources */ = {isa = PBXBuildFile; fileRef = 85878E251A2E2D3900056E26 /* SagradaFamilia.jpeg */; };
		85878E281A2E303B00056E26 /* AlbertEinsteinStamp.jpg in Resources */ = {isa = PBXBuildFile; fileRef = 85878E271A2E303B00056E26 /* AlbertEinsteinStamp.jpg */; };
		85F950191A2D676C0076E589 /* AppDelegate.swift in Sources */ = {isa = PBXBuildFile; fileRef = 85F950181A2D676C0076E589 /* AppDelegate.swift */; };
		85F9501B1A2D676C0076E589 /* ViewController.swift in Sources */ = {isa = PBXBuildFile; fileRef = 85F9501A1A2D676C0076E589 /* ViewController.swift */; };
		85F9501E1A2D676C0076E589 /* Main.storyboard in Resources */ = {isa = PBXBuildFile; fileRef = 85F9501C1A2D676C0076E589 /* Main.storyboard */; };
		85F950201A2D676C0076E589 /* Images.xcassets in Resources */ = {isa = PBXBuildFile; fileRef = 85F9501F1A2D676C0076E589 /* Images.xcassets */; };
		85F950231A2D676C0076E589 /* LaunchScreen.xib in Resources */ = {isa = PBXBuildFile; fileRef = 85F950211A2D676C0076E589 /* LaunchScreen.xib */; };
		85F9502F1A2D676D0076E589 /* PostcardTests.swift in Sources */ = {isa = PBXBuildFile; fileRef = 85F9502E1A2D676D0076E589 /* PostcardTests.swift */; };
/* End PBXBuildFile section */

/* Begin PBXContainerItemProxy section */
		85F950291A2D676D0076E589 /* PBXContainerItemProxy */ = {
			isa = PBXContainerItemProxy;
			containerPortal = 85F9500B1A2D676C0076E589 /* Project object */;
			proxyType = 1;
			remoteGlobalIDString = 85F950121A2D676C0076E589;
			remoteInfo = Postcard;
		};
/* End PBXContainerItemProxy section */

/* Begin PBXFileReference section */
		85878E251A2E2D3900056E26 /* SagradaFamilia.jpeg */ = {isa = PBXFileReference; lastKnownFileType = image.jpeg; path = SagradaFamilia.jpeg; sourceTree = "<group>"; };
		85878E271A2E303B00056E26 /* AlbertEinsteinStamp.jpg */ = {isa = PBXFileReference; lastKnownFileType = image.jpeg; path = AlbertEinsteinStamp.jpg; sourceTree = "<group>"; };
		85F950131A2D676C0076E589 /* Postcard.app */ = {isa = PBXFileReference; explicitFileType = wrapper.application; includeInIndex = 0; path = Postcard.app; sourceTree = BUILT_PRODUCTS_DIR; };
		85F950171A2D676C0076E589 /* Info.plist */ = {isa = PBXFileReference; lastKnownFileType = text.plist.xml; path = Info.plist; sourceTree = "<group>"; };
		85F950181A2D676C0076E589 /* AppDelegate.swift */ = {isa = PBXFileReference; lastKnownFileType = sourcecode.swift; path = AppDelegate.swift; sourceTree = "<group>"; };
		85F9501A1A2D676C0076E589 /* ViewController.swift */ = {isa = PBXFileReference; lastKnownFileType = sourcecode.swift; path = ViewController.swift; sourceTree = "<group>"; };
		85F9501D1A2D676C0076E589 /* Base */ = {isa = PBXFileReference; lastKnownFileType = file.storyboard; name = Base; path = Base.lproj/Main.storyboard; sourceTree = "<group>"; };
		85F9501F1A2D676C0076E589 /* Images.xcassets */ = {isa = PBXFileReference; lastKnownFileType = folder.assetcatalog; path = Images.xcassets; sourceTree = "<group>"; };
		85F950221A2D676C0076E589 /* Base */ = {isa = PBXFileReference; lastKnownFileType = file.xib; name = Base; path = Base.lproj/LaunchScreen.xib; sourceTree = "<group>"; };
		85F950281A2D676D0076E589 /* PostcardTests.xctest */ = {isa = PBXFileReference; explicitFileType = wrapper.cfbundle; includeInIndex = 0; path = PostcardTests.xctest; sourceTree = BUILT_PRODUCTS_DIR; };
		85F9502D1A2D676D0076E589 /* Info.plist */ = {isa = PBXFileReference; lastKnownFileType = text.plist.xml; path = Info.plist; sourceTree = "<group>"; };
		85F9502E1A2D676D0076E589 /* PostcardTests.swift */ = {isa = PBXFileReference; lastKnownFileType = sourcecode.swift; path = PostcardTests.swift; sourceTree = "<group>"; };
/* End PBXFileReference section */

/* Begin PBXFrameworksBuildPhase section */
		85F950101A2D676C0076E589 /* Frameworks */ = {
			isa = PBXFrameworksBuildPhase;
			buildActionMask = 2147483647;
			files = (
			);
			runOnlyForDeploymentPostprocessing = 0;
		};
		85F950251A2D676D0076E589 /* Frameworks */ = {
			isa = PBXFrameworksBuildPhase;
			buildActionMask = 2147483647;
			files = (
			);
			runOnlyForDeploymentPostprocessing = 0;
		};
/* End PBXFrameworksBuildPhase section */

/* Begin PBXGroup section */
		85F9500A1A2D676C0076E589 = {
			isa = PBXGroup;
			children = (
				85F950151A2D676C0076E589 /* Postcard */,
				85F9502B1A2D676D0076E589 /* PostcardTests */,
				85F950141A2D676C0076E589 /* Products */,
			);
			sourceTree = "<group>";
		};
		85F950141A2D676C0076E589 /* Products */ = {
			isa = PBXGroup;
			children = (
				85F950131A2D676C0076E589 /* Postcard.app */,
				85F950281A2D676D0076E589 /* PostcardTests.xctest */,
			);
			name = Products;
			sourceTree = "<group>";
		};
		85F950151A2D676C0076E589 /* Postcard */ = {
			isa = PBXGroup;
			children = (
				85F950181A2D676C0076E589 /* AppDelegate.swift */,
				85F9501A1A2D676C0076E589 /* ViewController.swift */,
				85F9501C1A2D676C0076E589 /* Main.storyboard */,
				85F9501F1A2D676C0076E589 /* Images.xcassets */,
				85F950211A2D676C0076E589 /* LaunchScreen.xib */,
				85F950161A2D676C0076E589 /* Supporting Files */,
			);
			path = Postcard;
			sourceTree = "<group>";
		};
		85F950161A2D676C0076E589 /* Supporting Files */ = {
			isa = PBXGroup;
			children = (
				85878E271A2E303B00056E26 /* AlbertEinsteinStamp.jpg */,
				85878E251A2E2D3900056E26 /* SagradaFamilia.jpeg */,
				85F950171A2D676C0076E589 /* Info.plist */,
			);
			name = "Supporting Files";
			sourceTree = "<group>";
		};
		85F9502B1A2D676D0076E589 /* PostcardTests */ = {
			isa = PBXGroup;
			children = (
				85F9502E1A2D676D0076E589 /* PostcardTests.swift */,
				85F9502C1A2D676D0076E589 /* Supporting Files */,
			);
			path = PostcardTests;
			sourceTree = "<group>";
		};
		85F9502C1A2D676D0076E589 /* Supporting Files */ = {
			isa = PBXGroup;
			children = (
				85F9502D1A2D676D0076E589 /* Info.plist */,
			);
			name = "Supporting Files";
			sourceTree = "<group>";
		};
/* End PBXGroup section */

/* Begin PBXNativeTarget section */
		85F950121A2D676C0076E589 /* Postcard */ = {
			isa = PBXNativeTarget;
			buildConfigurationList = 85F950321A2D676D0076E589 /* Build configuration list for PBXNativeTarget "Postcard" */;
			buildPhases = (
				85F9500F1A2D676C0076E589 /* Sources */,
				85F950101A2D676C0076E589 /* Frameworks */,
				85F950111A2D676C0076E589 /* Resources */,
			);
			buildRules = (
			);
			dependencies = (
			);
			name = Postcard;
			productName = Postcard;
			productReference = 85F950131A2D676C0076E589 /* Postcard.app */;
			productType = "com.apple.product-type.application";
		};
		85F950271A2D676D0076E589 /* PostcardTests */ = {
			isa = PBXNativeTarget;
			buildConfigurationList = 85F950351A2D676D0076E589 /* Build configuration list for PBXNativeTarget "PostcardTests" */;
			buildPhases = (
				85F950241A2D676D0076E589 /* Sources */,
				85F950251A2D676D0076E589 /* Frameworks */,
				85F950261A2D676D0076E589 /* Resources */,
			);
			buildRules = (
			);
			dependencies = (
				85F9502A1A2D676D0076E589 /* PBXTargetDependency */,
			);
			name = PostcardTests;
			productName = PostcardTests;
			productReference = 85F950281A2D676D0076E589 /* PostcardTests.xctest */;
			productType = "com.apple.product-type.bundle.unit-test";
		};
/* End PBXNativeTarget section */

/* Begin PBXProject section */
		85F9500B1A2D676C0076E589 /* Project object */ = {
			isa = PBXProject;
			attributes = {
				LastUpgradeCheck = 0610;
				ORGANIZATIONNAME = chicovg;
				TargetAttributes = {
					85F950121A2D676C0076E589 = {
						CreatedOnToolsVersion = 6.1;
					};
					85F950271A2D676D0076E589 = {
						CreatedOnToolsVersion = 6.1;
						TestTargetID = 85F950121A2D676C0076E589;
					};
				};
			};
			buildConfigurationList = 85F9500E1A2D676C0076E589 /* Build configuration list for PBXProject "Postcard" */;
			compatibilityVersion = "Xcode 3.2";
			developmentRegion = English;
			hasScannedForEncodings = 0;
			knownRegions = (
				en,
				Base,
			);
			mainGroup = 85F9500A1A2D676C0076E589;
			productRefGroup = 85F950141A2D676C0076E589 /* Products */;
			projectDirPath = "";
			projectRoot = "";
			targets = (
				85F950121A2D676C0076E589 /* Postcard */,
				85F950271A2D676D0076E589 /* PostcardTests */,
			);
		};
/* End PBXProject section */

/* Begin PBXResourcesBuildPhase section */
		85F950111A2D676C0076E589 /* Resources */ = {
			isa = PBXResourcesBuildPhase;
			buildActionMask = 2147483647;
			files = (
				85F9501E1A2D676C0076E589 /* Main.storyboard in Resources */,
				85878E261A2E2D3900056E26 /* SagradaFamilia.jpeg in Resources */,
				85878E281A2E303B00056E26 /* AlbertEinsteinStamp.jpg in Resources */,
				85F950231A2D676C0076E589 /* LaunchScreen.xib in Resources */,
				85F950201A2D676C0076E589 /* Images.xcassets in Resources */,
			);
			runOnlyForDeploymentPostprocessing = 0;
		};
		85F950261A2D676D0076E589 /* Resources */ = {
			isa = PBXResourcesBuildPhase;
			buildActionMask = 2147483647;
			files = (
			);
			runOnlyForDeploymentPostprocessing = 0;
		};
/* End PBXResourcesBuildPhase section */

/* Begin PBXSourcesBuildPhase section */
		85F9500F1A2D676C0076E589 /* Sources */ = {
			isa = PBXSourcesBuildPhase;
			buildActionMask = 2147483647;
			files = (
				85F9501B1A2D676C0076E589 /* ViewController.swift in Sources */,
				85F950191A2D676C0076E589 /* AppDelegate.swift in Sources */,
			);
			runOnlyForDeploymentPostprocessing = 0;
		};
		85F950241A2D676D0076E589 /* Sources */ = {
			isa = PBXSourcesBuildPhase;
			buildActionMask = 2147483647;
			files = (
				85F9502F1A2D676D0076E589 /* PostcardTests.swift in Sources */,
			);
			runOnlyForDeploymentPostprocessing = 0;
		};
/* End PBXSourcesBuildPhase section */

/* Begin PBXTargetDependency section */
		85F9502A1A2D676D0076E589 /* PBXTargetDependency */ = {
			isa = PBXTargetDependency;
			target = 85F950121A2D676C0076E589 /* Postcard */;
			targetProxy = 85F950291A2D676D0076E589 /* PBXContainerItemProxy */;
		};
/* End PBXTargetDependency section */

/* Begin PBXVariantGroup section */
		85F9501C1A2D676C0076E589 /* Main.storyboard */ = {
			isa = PBXVariantGroup;
			children = (
				85F9501D1A2D676C0076E589 /* Base */,
			);
			name = Main.storyboard;
			sourceTree = "<group>";
		};
		85F950211A2D676C0076E589 /* LaunchScreen.xib */ = {
			isa = PBXVariantGroup;
			children = (
				85F950221A2D676C0076E589 /* Base */,
			);
			name = LaunchScreen.xib;
			sourceTree = "<group>";
		};
/* End PBXVariantGroup section */

/* Begin XCBuildConfiguration section */
		85F950301A2D676D0076E589 /* Debug */ = {
			isa = XCBuildConfiguration;
			buildSettings = {
				ALWAYS_SEARCH_USER_PATHS = NO;
				CLANG_CXX_LANGUAGE_STANDARD = "gnu++0x";
				CLANG_CXX_LIBRARY = "libc++";
				CLANG_ENABLE_MODULES = YES;
				CLANG_ENABLE_OBJC_ARC = YES;
				CLANG_WARN_BOOL_CONVERSION = YES;
				CLANG_WARN_CONSTANT_CONVERSION = YES;
				CLANG_WARN_DIRECT_OBJC_ISA_USAGE = YES_ERROR;
				CLANG_WARN_EMPTY_BODY = YES;
				CLANG_WARN_ENUM_CONVERSION = YES;
				CLANG_WARN_INT_CONVERSION = YES;
				CLANG_WARN_OBJC_ROOT_CLASS = YES_ERROR;
				CLANG_WARN_UNREACHABLE_CODE = YES;
				CLANG_WARN__DUPLICATE_METHOD_MATCH = YES;
				"CODE_SIGN_IDENTITY[sdk=iphoneos*]" = "iPhone Developer";
				COPY_PHASE_STRIP = NO;
				ENABLE_STRICT_OBJC_MSGSEND = YES;
				GCC_C_LANGUAGE_STANDARD = gnu99;
				GCC_DYNAMIC_NO_PIC = NO;
				GCC_OPTIMIZATION_LEVEL = 0;
				GCC_PREPROCESSOR_DEFINITIONS = (
					"DEBUG=1",
					"$(inherited)",
				);
				GCC_SYMBOLS_PRIVATE_EXTERN = NO;
				GCC_WARN_64_TO_32_BIT_CONVERSION = YES;
				GCC_WARN_ABOUT_RETURN_TYPE = YES_ERROR;
				GCC_WARN_UNDECLARED_SELECTOR = YES;
				GCC_WARN_UNINITIALIZED_AUTOS = YES_AGGRESSIVE;
				GCC_WARN_UNUSED_FUNCTION = YES;
				GCC_WARN_UNUSED_VARIABLE = YES;
				IPHONEOS_DEPLOYMENT_TARGET = 8.1;
				MTL_ENABLE_DEBUG_INFO = YES;
				ONLY_ACTIVE_ARCH = YES;
				SDKROOT = iphoneos;
				SWIFT_OPTIMIZATION_LEVEL = "-Onone";
				TARGETED_DEVICE_FAMILY = "1,2";
			};
			name = Debug;
		};
		85F950311A2D676D0076E589 /* Release */ = {
			isa = XCBuildConfiguration;
			buildSettings = {
				ALWAYS_SEARCH_USER_PATHS = NO;
				CLANG_CXX_LANGUAGE_STANDARD = "gnu++0x";
				CLANG_CXX_LIBRARY = "libc++";
				CLANG_ENABLE_MODULES = YES;
				CLANG_ENABLE_OBJC_ARC = YES;
				CLANG_WARN_BOOL_CONVERSION = YES;
				CLANG_WARN_CONSTANT_CONVERSION = YES;
				CLANG_WARN_DIRECT_OBJC_ISA_USAGE = YES_ERROR;
				CLANG_WARN_EMPTY_BODY = YES;
				CLANG_WARN_ENUM_CONVERSION = YES;
				CLANG_WARN_INT_CONVERSION = YES;
				CLANG_WARN_OBJC_ROOT_CLASS = YES_ERROR;
				CLANG_WARN_UNREACHABLE_CODE = YES;
				CLANG_WARN__DUPLICATE_METHOD_MATCH = YES;
				"CODE_SIGN_IDENTITY[sdk=iphoneos*]" = "iPhone Developer";
				COPY_PHASE_STRIP = YES;
				ENABLE_NS_ASSERTIONS = NO;
				ENABLE_STRICT_OBJC_MSGSEND = YES;
				GCC_C_LANGUAGE_STANDARD = gnu99;
				GCC_WARN_64_TO_32_BIT_CONVERSION = YES;
				GCC_WARN_ABOUT_RETURN_TYPE = YES_ERROR;
				GCC_WARN_UNDECLARED_SELECTOR = YES;
				GCC_WARN_UNINITIALIZED_AUTOS = YES_AGGRESSIVE;
				GCC_WARN_UNUSED_FUNCTION = YES;
				GCC_WARN_UNUSED_VARIABLE = YES;
				IPHONEOS_DEPLOYMENT_TARGET = 8.1;
				MTL_ENABLE_DEBUG_INFO = NO;
				SDKROOT = iphoneos;
				TARGETED_DEVICE_FAMILY = "1,2";
				VALIDATE_PRODUCT = YES;
			};
			name = Release;
		};
		85F950331A2D676D0076E589 /* Debug */ = {
			isa = XCBuildConfiguration;
			buildSettings = {
				ASSETCATALOG_COMPILER_APPICON_NAME = AppIcon;
				INFOPLIST_FILE = Postcard/Info.plist;
				LD_RUNPATH_SEARCH_PATHS = "$(inherited) @executable_path/Frameworks";
				PRODUCT_NAME = "$(TARGET_NAME)";
			};
			name = Debug;
		};
		85F950341A2D676D0076E589 /* Release */ = {
			isa = XCBuildConfiguration;
			buildSettings = {
				ASSETCATALOG_COMPILER_APPICON_NAME = AppIcon;
				INFOPLIST_FILE = Postcard/Info.plist;
				LD_RUNPATH_SEARCH_PATHS = "$(inherited) @executable_path/Frameworks";
				PRODUCT_NAME = "$(TARGET_NAME)";
			};
			name = Release;
		};
		85F950361A2D676D0076E589 /* Debug */ = {
			isa = XCBuildConfiguration;
			buildSettings = {
				BUNDLE_LOADER = "$(TEST_HOST)";
				FRAMEWORK_SEARCH_PATHS = (
					"$(SDKROOT)/Developer/Library/Frameworks",
					"$(inherited)",
				);
				GCC_PREPROCESSOR_DEFINITIONS = (
					"DEBUG=1",
					"$(inherited)",
				);
				INFOPLIST_FILE = PostcardTests/Info.plist;
				LD_RUNPATH_SEARCH_PATHS = "$(inherited) @executable_path/Frameworks @loader_path/Frameworks";
				PRODUCT_NAME = "$(TARGET_NAME)";
				TEST_HOST = "$(BUILT_PRODUCTS_DIR)/Postcard.app/Postcard";
			};
			name = Debug;
		};
		85F950371A2D676D0076E589 /* Release */ = {
			isa = XCBuildConfiguration;
			buildSettings = {
				BUNDLE_LOADER = "$(TEST_HOST)";
				FRAMEWORK_SEARCH_PATHS = (
					"$(SDKROOT)/Developer/Library/Frameworks",
					"$(inherited)",
				);
				INFOPLIST_FILE = PostcardTests/Info.plist;
				LD_RUNPATH_SEARCH_PATHS = "$(inherited) @executable_path/Frameworks @loader_path/Frameworks";
				PRODUCT_NAME = "$(TARGET_NAME)";
				TEST_HOST = "$(BUILT_PRODUCTS_DIR)/Postcard.app/Postcard";
			};
			name = Release;
		};
/* End XCBuildConfiguration section */

/* Begin XCConfigurationList section */
		85F9500E1A2D676C0076E589 /* Build configuration list for PBXProject "Postcard" */ = {
			isa = XCConfigurationList;
			buildConfigurations = (
				85F950301A2D676D0076E589 /* Debug */,
				85F950311A2D676D0076E589 /* Release */,
			);
			defaultConfigurationIsVisible = 0;
			defaultConfigurationName = Release;
		};
		85F950321A2D676D0076E589 /* Build configuration list for PBXNativeTarget "Postcard" */ = {
			isa = XCConfigurationList;
			buildConfigurations = (
				85F950331A2D676D0076E589 /* Debug */,
				85F950341A2D676D0076E589 /* Release */,
			);
			defaultConfigurationIsVisible = 0;
			defaultConfigurationName = Release;
		};
		85F950351A2D676D0076E589 /* Build configuration list for PBXNativeTarget "PostcardTests" */ = {
			isa = XCConfigurationList;
			buildConfigurations = (
				85F950361A2D676D0076E589 /* Debug */,
				85F950371A2D676D0076E589 /* Release */,
			);
			defaultConfigurationIsVisible = 0;
			defaultConfigurationName = Release;
		};
/* End XCConfigurationList section */
	};
	rootObject = 85F9500B1A2D676C0076E589 /* Project object */;
}
